
Microsoft Visual Studio Solution File, Format Version 12.00
# Visual Studio Version 17
VisualStudioVersion = 17.0.31912.275
MinimumVisualStudioVersion = 10.0.40219.1
Project("{9A19103F-16F7-4668-BE54-9A1E7A4F7556}") = "OrdererWebApp", "OrdererWebApp\OrdererWebApp.csproj", "{F9481E6D-F32D-4828-8383-6D582121E177}"
EndProject
Project("{9A19103F-16F7-4668-BE54-9A1E7A4F7556}") = "PlatformManager", "..\PlatformManager\PlatformManager.csproj", "{5F3AF154-1437-4607-96ED-0EA7EBB1ACAD}"
EndProject
Project("{9A19103F-16F7-4668-BE54-9A1E7A4F7556}") = "ModuleTest", "..\ModuleTest\ModuleTest.csproj", "{83EBBE63-D472-4DEE-B55B-41C91AD4508C}"
EndProject
Project("{9A19103F-16F7-4668-BE54-9A1E7A4F7556}") = "BusinessLogic", "..\BusinessLogic\BusinessLogic.csproj", "{69F55A4A-494B-487A-BF32-7580AAA10C8C}"
EndProject
Project("{9A19103F-16F7-4668-BE54-9A1E7A4F7556}") = "BusinessData", "..\BusinessData\BusinessData.csproj", "{57D29DB8-FC23-4FC1-8D77-1AA773D640D5}"
EndProject
Project("{9A19103F-16F7-4668-BE54-9A1E7A4F7556}") = "ProducterWebApp", "ProducterWebApp\ProducterWebApp.csproj", "{D40071C0-CB65-4928-99B7-C807D933E529}"
EndProject
Project("{9A19103F-16F7-4668-BE54-9A1E7A4F7556}") = "BusinessRazor", "..\BusinessRazor\BusinessRazor.csproj", "{717B0C65-4EF7-4A51-ACBF-058F3179EF84}"
EndProject
Global
	GlobalSection(SolutionConfigurationPlatforms) = preSolution
		Debug|Any CPU = Debug|Any CPU
		Release|Any CPU = Release|Any CPU
	EndGlobalSection
	GlobalSection(ProjectConfigurationPlatforms) = postSolution
		{F9481E6D-F32D-4828-8383-6D582121E177}.Debug|Any CPU.ActiveCfg = Debug|Any CPU
		{F9481E6D-F32D-4828-8383-6D582121E177}.Debug|Any CPU.Build.0 = Debug|Any CPU
		{F9481E6D-F32D-4828-8383-6D582121E177}.Release|Any CPU.ActiveCfg = Release|Any CPU
		{F9481E6D-F32D-4828-8383-6D582121E177}.Release|Any CPU.Build.0 = Release|Any CPU
		{5F3AF154-1437-4607-96ED-0EA7EBB1ACAD}.Debug|Any CPU.ActiveCfg = Debug|Any CPU
		{5F3AF154-1437-4607-96ED-0EA7EBB1ACAD}.Debug|Any CPU.Build.0 = Debug|Any CPU
		{5F3AF154-1437-4607-96ED-0EA7EBB1ACAD}.Release|Any CPU.ActiveCfg = Release|Any CPU
		{5F3AF154-1437-4607-96ED-0EA7EBB1ACAD}.Release|Any CPU.Build.0 = Release|Any CPU
		{83EBBE63-D472-4DEE-B55B-41C91AD4508C}.Debug|Any CPU.ActiveCfg = Debug|Any CPU
		{83EBBE63-D472-4DEE-B55B-41C91AD4508C}.Debug|Any CPU.Build.0 = Debug|Any CPU
		{83EBBE63-D472-4DEE-B55B-41C91AD4508C}.Release|Any CPU.ActiveCfg = Release|Any CPU
		{83EBBE63-D472-4DEE-B55B-41C91AD4508C}.Release|Any CPU.Build.0 = Release|Any CPU
		{69F55A4A-494B-487A-BF32-7580AAA10C8C}.Debug|Any CPU.ActiveCfg = Debug|Any CPU
		{69F55A4A-494B-487A-BF32-7580AAA10C8C}.Debug|Any CPU.Build.0 = Debug|Any CPU
		{69F55A4A-494B-487A-BF32-7580AAA10C8C}.Release|Any CPU.ActiveCfg = Release|Any CPU
		{69F55A4A-494B-487A-BF32-7580AAA10C8C}.Release|Any CPU.Build.0 = Release|Any CPU
		{57D29DB8-FC23-4FC1-8D77-1AA773D640D5}.Debug|Any CPU.ActiveCfg = Debug|Any CPU
		{57D29DB8-FC23-4FC1-8D77-1AA773D640D5}.Debug|Any CPU.Build.0 = Debug|Any CPU
		{57D29DB8-FC23-4FC1-8D77-1AA773D640D5}.Release|Any CPU.ActiveCfg = Release|Any CPU
		{57D29DB8-FC23-4FC1-8D77-1AA773D640D5}.Release|Any CPU.Build.0 = Release|Any CPU
		{D40071C0-CB65-4928-99B7-C807D933E529}.Debug|Any CPU.ActiveCfg = Debug|Any CPU
		{D40071C0-CB65-4928-99B7-C807D933E529}.Debug|Any CPU.Build.0 = Debug|Any CPU
		{D40071C0-CB65-4928-99B7-C807D933E529}.Release|Any CPU.ActiveCfg = Release|Any CPU
		{D40071C0-CB65-4928-99B7-C807D933E529}.Release|Any CPU.Build.0 = Release|Any CPU
		{717B0C65-4EF7-4A51-ACBF-058F3179EF84}.Debug|Any CPU.ActiveCfg = Debug|Any CPU
		{717B0C65-4EF7-4A51-ACBF-058F3179EF84}.Debug|Any CPU.Build.0 = Debug|Any CPU
		{717B0C65-4EF7-4A51-ACBF-058F3179EF84}.Release|Any CPU.ActiveCfg = Release|Any CPU
		{717B0C65-4EF7-4A51-ACBF-058F3179EF84}.Release|Any CPU.Build.0 = Release|Any CPU
	EndGlobalSection
	GlobalSection(SolutionProperties) = preSolution
		HideSolutionNode = FALSE
	EndGlobalSection
	GlobalSection(ExtensibilityGlobals) = postSolution
		SolutionGuid = {E89E221B-2A33-4147-A20F-50FB7E2BD40E}
	EndGlobalSection
EndGlobal
