
Microsoft Visual Studio Solution File, Format Version 12.00
# Visual Studio Version 17
VisualStudioVersion = 17.0.31912.275
MinimumVisualStudioVersion = 10.0.40219.1
Project("{9A19103F-16F7-4668-BE54-9A1E7A4F7556}") = "OrdererWebApp", "OrdererWebApp\OrdererWebApp.csproj", "{F9481E6D-F32D-4828-8383-6D582121E177}"
EndProject
Project("{9A19103F-16F7-4668-BE54-9A1E7A4F7556}") = "BusinessData", "..\..\..\Enterprise\EnterPrise\EnterPriseProject\BusinessData\BusinessData.csproj", "{965E2388-1F3B-4C1F-9043-C769C7744782}"
EndProject
Project("{9A19103F-16F7-4668-BE54-9A1E7A4F7556}") = "BusinessLogic", "..\..\..\Enterprise\EnterPrise\EnterPriseProject\BusinessLogic\BusinessLogic.csproj", "{BD16431D-57D2-40C4-B3AA-408297699697}"
EndProject
Project("{9A19103F-16F7-4668-BE54-9A1E7A4F7556}") = "PlatformManager", "..\PlatformManager\PlatformManager.csproj", "{5F3AF154-1437-4607-96ED-0EA7EBB1ACAD}"
EndProject
Project("{9A19103F-16F7-4668-BE54-9A1E7A4F7556}") = "ModuleTest", "..\ModuleTest\ModuleTest.csproj", "{83EBBE63-D472-4DEE-B55B-41C91AD4508C}"
EndProject
Global
	GlobalSection(SolutionConfigurationPlatforms) = preSolution
		Debug|Any CPU = Debug|Any CPU
		Release|Any CPU = Release|Any CPU
	EndGlobalSection
	GlobalSection(ProjectConfigurationPlatforms) = postSolution
		{F9481E6D-F32D-4828-8383-6D582121E177}.Debug|Any CPU.ActiveCfg = Debug|Any CPU
		{F9481E6D-F32D-4828-8383-6D582121E177}.Debug|Any CPU.Build.0 = Debug|Any CPU
		{F9481E6D-F32D-4828-8383-6D582121E177}.Release|Any CPU.ActiveCfg = Release|Any CPU
		{F9481E6D-F32D-4828-8383-6D582121E177}.Release|Any CPU.Build.0 = Release|Any CPU
		{965E2388-1F3B-4C1F-9043-C769C7744782}.Debug|Any CPU.ActiveCfg = Debug|Any CPU
		{965E2388-1F3B-4C1F-9043-C769C7744782}.Debug|Any CPU.Build.0 = Debug|Any CPU
		{965E2388-1F3B-4C1F-9043-C769C7744782}.Release|Any CPU.ActiveCfg = Release|Any CPU
		{965E2388-1F3B-4C1F-9043-C769C7744782}.Release|Any CPU.Build.0 = Release|Any CPU
		{BD16431D-57D2-40C4-B3AA-408297699697}.Debug|Any CPU.ActiveCfg = Debug|Any CPU
		{BD16431D-57D2-40C4-B3AA-408297699697}.Debug|Any CPU.Build.0 = Debug|Any CPU
		{BD16431D-57D2-40C4-B3AA-408297699697}.Release|Any CPU.ActiveCfg = Release|Any CPU
		{BD16431D-57D2-40C4-B3AA-408297699697}.Release|Any CPU.Build.0 = Release|Any CPU
		{5F3AF154-1437-4607-96ED-0EA7EBB1ACAD}.Debug|Any CPU.ActiveCfg = Debug|Any CPU
		{5F3AF154-1437-4607-96ED-0EA7EBB1ACAD}.Debug|Any CPU.Build.0 = Debug|Any CPU
		{5F3AF154-1437-4607-96ED-0EA7EBB1ACAD}.Release|Any CPU.ActiveCfg = Release|Any CPU
		{5F3AF154-1437-4607-96ED-0EA7EBB1ACAD}.Release|Any CPU.Build.0 = Release|Any CPU
		{83EBBE63-D472-4DEE-B55B-41C91AD4508C}.Debug|Any CPU.ActiveCfg = Debug|Any CPU
		{83EBBE63-D472-4DEE-B55B-41C91AD4508C}.Debug|Any CPU.Build.0 = Debug|Any CPU
		{83EBBE63-D472-4DEE-B55B-41C91AD4508C}.Release|Any CPU.ActiveCfg = Release|Any CPU
		{83EBBE63-D472-4DEE-B55B-41C91AD4508C}.Release|Any CPU.Build.0 = Release|Any CPU
	EndGlobalSection
	GlobalSection(SolutionProperties) = preSolution
		HideSolutionNode = FALSE
	EndGlobalSection
	GlobalSection(ExtensibilityGlobals) = postSolution
		SolutionGuid = {E89E221B-2A33-4147-A20F-50FB7E2BD40E}
	EndGlobalSection
EndGlobal
