
Microsoft Visual Studio Solution File, Format Version 12.00
# Visual Studio Version 17
VisualStudioVersion = 17.1.32210.238
MinimumVisualStudioVersion = 10.0.40219.1
Project("{2150E333-8FDC-42A3-9474-1A3956D46DE8}") = "Solution Items", "Solution Items", "{DC01E590-855C-4D45-8763-38F78856F0CD}"
	ProjectSection(SolutionItems) = preProject
		.editorconfig = .editorconfig
	EndProjectSection
EndProject
Project("{2150E333-8FDC-42A3-9474-1A3956D46DE8}") = "ofWebApp", "ofWebApp", "{17BDCA73-9E08-4163-935B-69384C17197D}"
EndProject
Project("{2150E333-8FDC-42A3-9474-1A3956D46DE8}") = "ofWebAPIServer", "ofWebAPIServer", "{97443349-A641-4E6B-AFFA-F9B3C8D40223}"
EndProject
Project("{9A19103F-16F7-4668-BE54-9A1E7A4F7556}") = "GOCServer", "Server\GOCServer\GOCServer.csproj", "{AD81AD5B-837B-4AC3-B02A-68EE66536A96}"
EndProject
Project("{9A19103F-16F7-4668-BE54-9A1E7A4F7556}") = "OCServer", "Server\OCServer\OCServer.csproj", "{35D3158B-2EA8-4F59-B1A3-50B6AF55AE8D}"
EndProject
Project("{9A19103F-16F7-4668-BE54-9A1E7A4F7556}") = "ProductServer", "Server\ProductServer\ProductServer.csproj", "{86099289-C62A-432E-84B0-F768C1D601FE}"
EndProject
Project("{9A19103F-16F7-4668-BE54-9A1E7A4F7556}") = "TradeServer", "Server\TradeServer\TradeServer.csproj", "{CC3BB61E-5D4E-453D-8F99-49ACA660BD50}"
EndProject
Project("{9A19103F-16F7-4668-BE54-9A1E7A4F7556}") = "WarehouseServer", "Server\WarehouseServer\WarehouseServer.csproj", "{B28A9767-D95D-4B21-A43A-BBDB278F7BA0}"
EndProject
Project("{9A19103F-16F7-4668-BE54-9A1E7A4F7556}") = "IdentityServer", "Server\IdentityServer\IdentityServer.csproj", "{3D62B1DE-FDF7-4CA7-B6EB-E7DC5D747955}"
EndProject
Project("{9A19103F-16F7-4668-BE54-9A1E7A4F7556}") = "BusinessData", "BusinessData\BusinessData.csproj", "{76797B62-6BFB-4C73-B28D-B3A19ED985BD}"
EndProject
Project("{9A19103F-16F7-4668-BE54-9A1E7A4F7556}") = "BusinessLogic", "BusinessLogic\BusinessLogic.csproj", "{753C09FC-51B5-4383-BFAB-D96E4EC2D9FB}"
EndProject
Project("{9A19103F-16F7-4668-BE54-9A1E7A4F7556}") = "BusinessView", "BusinessView\BusinessView.csproj", "{D3027276-4455-45BE-85B7-A180F40DB859}"
EndProject
Project("{9A19103F-16F7-4668-BE54-9A1E7A4F7556}") = "PlanLogisticsWebApp", "WebApp\PlanLogisticsWebApp\PlanLogisticsWebApp.csproj", "{6B456321-F061-4DA1-A488-1D7002EB6D5A}"
EndProject
Project("{9A19103F-16F7-4668-BE54-9A1E7A4F7556}") = "BusinessRazor", "BusinessRazor\BusinessRazor.csproj", "{1A46584B-1EA4-4C84-9887-5908D7762BC9}"
EndProject
Project("{9A19103F-16F7-4668-BE54-9A1E7A4F7556}") = "JournalServer", "Server\JournalServer\JournalServer.csproj", "{EAD3FD0E-DC8E-44D4-BFD1-0630AF1D3D37}"
EndProject
Project("{9A19103F-16F7-4668-BE54-9A1E7A4F7556}") = "HRServer", "Server\HRServer\HRServer.csproj", "{7C8EB2FA-975E-4AAD-85A6-A0F4A9E4E5F8}"
EndProject
Project("{2150E333-8FDC-42A3-9474-1A3956D46DE8}") = "ofMobileApp", "ofMobileApp", "{738B817E-8593-46C9-9D66-AA1508E360FF}"
EndProject
Project("{2150E333-8FDC-42A3-9474-1A3956D46DE8}") = "ofEmployee", "ofEmployee", "{AE632BDD-57D5-49D6-A1E3-9312353DC951}"
EndProject
Project("{2150E333-8FDC-42A3-9474-1A3956D46DE8}") = "ofEmployer", "ofEmployer", "{774D8D1A-EA67-4B4C-9643-DAED62ACA0F4}"
EndProject
Project("{2150E333-8FDC-42A3-9474-1A3956D46DE8}") = "ofPlatform", "ofPlatform", "{F96F29C2-1B1C-4933-9E18-64414DE6E5E4}"
EndProject
Project("{2150E333-8FDC-42A3-9474-1A3956D46DE8}") = "ofWarehouse", "ofWarehouse", "{1DA7D460-0AC8-4F60-9DA7-5C056543DF07}"
EndProject
Project("{9A19103F-16F7-4668-BE54-9A1E7A4F7556}") = "EmployeeWarehouseWebApp", "WebApp\ofEmployee\ofWarehouse\EmployeeWarehouseWebApp\EmployeeWarehouseWebApp.csproj", "{CB84846B-74DC-4F18-895A-35FF5FE314B9}"
EndProject
Project("{9A19103F-16F7-4668-BE54-9A1E7A4F7556}") = "EmployerForwarderWebApp", "WebApp\ofEmployer\EmployerForwarderWebApp\EmployerForwarderWebApp.csproj", "{6D657DBB-D69B-49E1-9F20-FD49CAB99BAD}"
EndProject
Project("{9A19103F-16F7-4668-BE54-9A1E7A4F7556}") = "EmployerProducterWebApp", "WebApp\ofEmployer\EmployerProducterWebApp\EmployerProducterWebApp.csproj", "{8F8DC762-6397-42CD-A7CD-7A800A4F4ABF}"
EndProject
Project("{9A19103F-16F7-4668-BE54-9A1E7A4F7556}") = "EmployerLogisterWebApp", "WebApp\ofEmployer\EmployerLogisterWebApp\EmployerLogisterWebApp.csproj", "{18BC0F68-18C4-4EE0-BF4B-82CA76A16AD8}"
EndProject
Project("{9A19103F-16F7-4668-BE54-9A1E7A4F7556}") = "EmployerOrdererWebApp", "WebApp\ofEmployer\EmployerOrdererWebApp\EmployerOrdererWebApp.csproj", "{D169C177-C58C-4999-9EC4-DFBBE724F7F4}"
EndProject
Project("{9A19103F-16F7-4668-BE54-9A1E7A4F7556}") = "EmployerDeliverWebApp", "WebApp\ofEmployer\EmployerDeliverWebApp\EmployerDeliverWebApp.csproj", "{2AB26F19-D39A-4F80-9976-81D7AD57891A}"
EndProject
Project("{9A19103F-16F7-4668-BE54-9A1E7A4F7556}") = "ModuleTest", "ModuleTest\ModuleTest.csproj", "{8B30A895-D03A-43E8-8E28-EA690FE8BDB9}"
EndProject
Project("{9A19103F-16F7-4668-BE54-9A1E7A4F7556}") = "EmployerSellerWebApp", "EmployerSellerWebApp\EmployerSellerWebApp.csproj", "{C502546B-B847-46B1-80AC-6299E9E4BB6D}"
EndProject
Project("{9A19103F-16F7-4668-BE54-9A1E7A4F7556}") = "TestProject", "TestProject\TestProject.csproj", "{16665B5C-280A-4187-B543-5D4818783DC9}"
EndProject
Project("{FAE04EC0-301F-11D3-BF4B-00C04F79EFBC}") = "LogisterMobileApp.Android", "LogisterMobileApp\LogisterMobileApp.Android\LogisterMobileApp.Android.csproj", "{628A3455-0297-4B1F-B543-37666A783CCC}"
EndProject
Project("{FAE04EC0-301F-11D3-BF4B-00C04F79EFBC}") = "LogisterMobileApp.iOS", "LogisterMobileApp\LogisterMobileApp.iOS\LogisterMobileApp.iOS.csproj", "{209A604F-7DD2-4CE4-A7FB-002298E8DDDE}"
EndProject
Project("{FAE04EC0-301F-11D3-BF4B-00C04F79EFBC}") = "LogisterMobileApp", "LogisterMobileApp\LogisterMobileApp\LogisterMobileApp.csproj", "{85CE85E0-10A7-4F14-A4C7-33DF6B11A50E}"
EndProject
Global
	GlobalSection(SolutionConfigurationPlatforms) = preSolution
		Debug|Any CPU = Debug|Any CPU
		Debug|iPhone = Debug|iPhone
		Debug|iPhoneSimulator = Debug|iPhoneSimulator
		Debug|x64 = Debug|x64
		Debug|x86 = Debug|x86
		Release|Any CPU = Release|Any CPU
		Release|iPhone = Release|iPhone
		Release|iPhoneSimulator = Release|iPhoneSimulator
		Release|x64 = Release|x64
		Release|x86 = Release|x86
	EndGlobalSection
	GlobalSection(ProjectConfigurationPlatforms) = postSolution
		{AD81AD5B-837B-4AC3-B02A-68EE66536A96}.Debug|Any CPU.ActiveCfg = Debug|Any CPU
		{AD81AD5B-837B-4AC3-B02A-68EE66536A96}.Debug|Any CPU.Build.0 = Debug|Any CPU
		{AD81AD5B-837B-4AC3-B02A-68EE66536A96}.Debug|iPhone.ActiveCfg = Debug|Any CPU
		{AD81AD5B-837B-4AC3-B02A-68EE66536A96}.Debug|iPhone.Build.0 = Debug|Any CPU
		{AD81AD5B-837B-4AC3-B02A-68EE66536A96}.Debug|iPhoneSimulator.ActiveCfg = Debug|Any CPU
		{AD81AD5B-837B-4AC3-B02A-68EE66536A96}.Debug|iPhoneSimulator.Build.0 = Debug|Any CPU
		{AD81AD5B-837B-4AC3-B02A-68EE66536A96}.Debug|x64.ActiveCfg = Debug|Any CPU
		{AD81AD5B-837B-4AC3-B02A-68EE66536A96}.Debug|x64.Build.0 = Debug|Any CPU
		{AD81AD5B-837B-4AC3-B02A-68EE66536A96}.Debug|x86.ActiveCfg = Debug|Any CPU
		{AD81AD5B-837B-4AC3-B02A-68EE66536A96}.Debug|x86.Build.0 = Debug|Any CPU
		{AD81AD5B-837B-4AC3-B02A-68EE66536A96}.Release|Any CPU.ActiveCfg = Release|Any CPU
		{AD81AD5B-837B-4AC3-B02A-68EE66536A96}.Release|Any CPU.Build.0 = Release|Any CPU
		{AD81AD5B-837B-4AC3-B02A-68EE66536A96}.Release|iPhone.ActiveCfg = Release|Any CPU
		{AD81AD5B-837B-4AC3-B02A-68EE66536A96}.Release|iPhone.Build.0 = Release|Any CPU
		{AD81AD5B-837B-4AC3-B02A-68EE66536A96}.Release|iPhoneSimulator.ActiveCfg = Release|Any CPU
		{AD81AD5B-837B-4AC3-B02A-68EE66536A96}.Release|iPhoneSimulator.Build.0 = Release|Any CPU
		{AD81AD5B-837B-4AC3-B02A-68EE66536A96}.Release|x64.ActiveCfg = Release|Any CPU
		{AD81AD5B-837B-4AC3-B02A-68EE66536A96}.Release|x64.Build.0 = Release|Any CPU
		{AD81AD5B-837B-4AC3-B02A-68EE66536A96}.Release|x86.ActiveCfg = Release|Any CPU
		{AD81AD5B-837B-4AC3-B02A-68EE66536A96}.Release|x86.Build.0 = Release|Any CPU
		{35D3158B-2EA8-4F59-B1A3-50B6AF55AE8D}.Debug|Any CPU.ActiveCfg = Debug|Any CPU
		{35D3158B-2EA8-4F59-B1A3-50B6AF55AE8D}.Debug|Any CPU.Build.0 = Debug|Any CPU
		{35D3158B-2EA8-4F59-B1A3-50B6AF55AE8D}.Debug|iPhone.ActiveCfg = Debug|Any CPU
		{35D3158B-2EA8-4F59-B1A3-50B6AF55AE8D}.Debug|iPhone.Build.0 = Debug|Any CPU
		{35D3158B-2EA8-4F59-B1A3-50B6AF55AE8D}.Debug|iPhoneSimulator.ActiveCfg = Debug|Any CPU
		{35D3158B-2EA8-4F59-B1A3-50B6AF55AE8D}.Debug|iPhoneSimulator.Build.0 = Debug|Any CPU
		{35D3158B-2EA8-4F59-B1A3-50B6AF55AE8D}.Debug|x64.ActiveCfg = Debug|Any CPU
		{35D3158B-2EA8-4F59-B1A3-50B6AF55AE8D}.Debug|x64.Build.0 = Debug|Any CPU
		{35D3158B-2EA8-4F59-B1A3-50B6AF55AE8D}.Debug|x86.ActiveCfg = Debug|Any CPU
		{35D3158B-2EA8-4F59-B1A3-50B6AF55AE8D}.Debug|x86.Build.0 = Debug|Any CPU
		{35D3158B-2EA8-4F59-B1A3-50B6AF55AE8D}.Release|Any CPU.ActiveCfg = Release|Any CPU
		{35D3158B-2EA8-4F59-B1A3-50B6AF55AE8D}.Release|Any CPU.Build.0 = Release|Any CPU
		{35D3158B-2EA8-4F59-B1A3-50B6AF55AE8D}.Release|iPhone.ActiveCfg = Release|Any CPU
		{35D3158B-2EA8-4F59-B1A3-50B6AF55AE8D}.Release|iPhone.Build.0 = Release|Any CPU
		{35D3158B-2EA8-4F59-B1A3-50B6AF55AE8D}.Release|iPhoneSimulator.ActiveCfg = Release|Any CPU
		{35D3158B-2EA8-4F59-B1A3-50B6AF55AE8D}.Release|iPhoneSimulator.Build.0 = Release|Any CPU
		{35D3158B-2EA8-4F59-B1A3-50B6AF55AE8D}.Release|x64.ActiveCfg = Release|Any CPU
		{35D3158B-2EA8-4F59-B1A3-50B6AF55AE8D}.Release|x64.Build.0 = Release|Any CPU
		{35D3158B-2EA8-4F59-B1A3-50B6AF55AE8D}.Release|x86.ActiveCfg = Release|Any CPU
		{35D3158B-2EA8-4F59-B1A3-50B6AF55AE8D}.Release|x86.Build.0 = Release|Any CPU
		{86099289-C62A-432E-84B0-F768C1D601FE}.Debug|Any CPU.ActiveCfg = Debug|Any CPU
		{86099289-C62A-432E-84B0-F768C1D601FE}.Debug|Any CPU.Build.0 = Debug|Any CPU
		{86099289-C62A-432E-84B0-F768C1D601FE}.Debug|iPhone.ActiveCfg = Debug|Any CPU
		{86099289-C62A-432E-84B0-F768C1D601FE}.Debug|iPhone.Build.0 = Debug|Any CPU
		{86099289-C62A-432E-84B0-F768C1D601FE}.Debug|iPhoneSimulator.ActiveCfg = Debug|Any CPU
		{86099289-C62A-432E-84B0-F768C1D601FE}.Debug|iPhoneSimulator.Build.0 = Debug|Any CPU
		{86099289-C62A-432E-84B0-F768C1D601FE}.Debug|x64.ActiveCfg = Debug|Any CPU
		{86099289-C62A-432E-84B0-F768C1D601FE}.Debug|x64.Build.0 = Debug|Any CPU
		{86099289-C62A-432E-84B0-F768C1D601FE}.Debug|x86.ActiveCfg = Debug|Any CPU
		{86099289-C62A-432E-84B0-F768C1D601FE}.Debug|x86.Build.0 = Debug|Any CPU
		{86099289-C62A-432E-84B0-F768C1D601FE}.Release|Any CPU.ActiveCfg = Release|Any CPU
		{86099289-C62A-432E-84B0-F768C1D601FE}.Release|Any CPU.Build.0 = Release|Any CPU
		{86099289-C62A-432E-84B0-F768C1D601FE}.Release|iPhone.ActiveCfg = Release|Any CPU
		{86099289-C62A-432E-84B0-F768C1D601FE}.Release|iPhone.Build.0 = Release|Any CPU
		{86099289-C62A-432E-84B0-F768C1D601FE}.Release|iPhoneSimulator.ActiveCfg = Release|Any CPU
		{86099289-C62A-432E-84B0-F768C1D601FE}.Release|iPhoneSimulator.Build.0 = Release|Any CPU
		{86099289-C62A-432E-84B0-F768C1D601FE}.Release|x64.ActiveCfg = Release|Any CPU
		{86099289-C62A-432E-84B0-F768C1D601FE}.Release|x64.Build.0 = Release|Any CPU
		{86099289-C62A-432E-84B0-F768C1D601FE}.Release|x86.ActiveCfg = Release|Any CPU
		{86099289-C62A-432E-84B0-F768C1D601FE}.Release|x86.Build.0 = Release|Any CPU
		{CC3BB61E-5D4E-453D-8F99-49ACA660BD50}.Debug|Any CPU.ActiveCfg = Debug|Any CPU
		{CC3BB61E-5D4E-453D-8F99-49ACA660BD50}.Debug|Any CPU.Build.0 = Debug|Any CPU
		{CC3BB61E-5D4E-453D-8F99-49ACA660BD50}.Debug|iPhone.ActiveCfg = Debug|Any CPU
		{CC3BB61E-5D4E-453D-8F99-49ACA660BD50}.Debug|iPhone.Build.0 = Debug|Any CPU
		{CC3BB61E-5D4E-453D-8F99-49ACA660BD50}.Debug|iPhoneSimulator.ActiveCfg = Debug|Any CPU
		{CC3BB61E-5D4E-453D-8F99-49ACA660BD50}.Debug|iPhoneSimulator.Build.0 = Debug|Any CPU
		{CC3BB61E-5D4E-453D-8F99-49ACA660BD50}.Debug|x64.ActiveCfg = Debug|Any CPU
		{CC3BB61E-5D4E-453D-8F99-49ACA660BD50}.Debug|x64.Build.0 = Debug|Any CPU
		{CC3BB61E-5D4E-453D-8F99-49ACA660BD50}.Debug|x86.ActiveCfg = Debug|Any CPU
		{CC3BB61E-5D4E-453D-8F99-49ACA660BD50}.Debug|x86.Build.0 = Debug|Any CPU
		{CC3BB61E-5D4E-453D-8F99-49ACA660BD50}.Release|Any CPU.ActiveCfg = Release|Any CPU
		{CC3BB61E-5D4E-453D-8F99-49ACA660BD50}.Release|Any CPU.Build.0 = Release|Any CPU
		{CC3BB61E-5D4E-453D-8F99-49ACA660BD50}.Release|iPhone.ActiveCfg = Release|Any CPU
		{CC3BB61E-5D4E-453D-8F99-49ACA660BD50}.Release|iPhone.Build.0 = Release|Any CPU
		{CC3BB61E-5D4E-453D-8F99-49ACA660BD50}.Release|iPhoneSimulator.ActiveCfg = Release|Any CPU
		{CC3BB61E-5D4E-453D-8F99-49ACA660BD50}.Release|iPhoneSimulator.Build.0 = Release|Any CPU
		{CC3BB61E-5D4E-453D-8F99-49ACA660BD50}.Release|x64.ActiveCfg = Release|Any CPU
		{CC3BB61E-5D4E-453D-8F99-49ACA660BD50}.Release|x64.Build.0 = Release|Any CPU
		{CC3BB61E-5D4E-453D-8F99-49ACA660BD50}.Release|x86.ActiveCfg = Release|Any CPU
		{CC3BB61E-5D4E-453D-8F99-49ACA660BD50}.Release|x86.Build.0 = Release|Any CPU
		{B28A9767-D95D-4B21-A43A-BBDB278F7BA0}.Debug|Any CPU.ActiveCfg = Debug|Any CPU
		{B28A9767-D95D-4B21-A43A-BBDB278F7BA0}.Debug|Any CPU.Build.0 = Debug|Any CPU
		{B28A9767-D95D-4B21-A43A-BBDB278F7BA0}.Debug|iPhone.ActiveCfg = Debug|Any CPU
		{B28A9767-D95D-4B21-A43A-BBDB278F7BA0}.Debug|iPhone.Build.0 = Debug|Any CPU
		{B28A9767-D95D-4B21-A43A-BBDB278F7BA0}.Debug|iPhoneSimulator.ActiveCfg = Debug|Any CPU
		{B28A9767-D95D-4B21-A43A-BBDB278F7BA0}.Debug|iPhoneSimulator.Build.0 = Debug|Any CPU
		{B28A9767-D95D-4B21-A43A-BBDB278F7BA0}.Debug|x64.ActiveCfg = Debug|Any CPU
		{B28A9767-D95D-4B21-A43A-BBDB278F7BA0}.Debug|x64.Build.0 = Debug|Any CPU
		{B28A9767-D95D-4B21-A43A-BBDB278F7BA0}.Debug|x86.ActiveCfg = Debug|Any CPU
		{B28A9767-D95D-4B21-A43A-BBDB278F7BA0}.Debug|x86.Build.0 = Debug|Any CPU
		{B28A9767-D95D-4B21-A43A-BBDB278F7BA0}.Release|Any CPU.ActiveCfg = Release|Any CPU
		{B28A9767-D95D-4B21-A43A-BBDB278F7BA0}.Release|Any CPU.Build.0 = Release|Any CPU
		{B28A9767-D95D-4B21-A43A-BBDB278F7BA0}.Release|iPhone.ActiveCfg = Release|Any CPU
		{B28A9767-D95D-4B21-A43A-BBDB278F7BA0}.Release|iPhone.Build.0 = Release|Any CPU
		{B28A9767-D95D-4B21-A43A-BBDB278F7BA0}.Release|iPhoneSimulator.ActiveCfg = Release|Any CPU
		{B28A9767-D95D-4B21-A43A-BBDB278F7BA0}.Release|iPhoneSimulator.Build.0 = Release|Any CPU
		{B28A9767-D95D-4B21-A43A-BBDB278F7BA0}.Release|x64.ActiveCfg = Release|Any CPU
		{B28A9767-D95D-4B21-A43A-BBDB278F7BA0}.Release|x64.Build.0 = Release|Any CPU
		{B28A9767-D95D-4B21-A43A-BBDB278F7BA0}.Release|x86.ActiveCfg = Release|Any CPU
		{B28A9767-D95D-4B21-A43A-BBDB278F7BA0}.Release|x86.Build.0 = Release|Any CPU
		{3D62B1DE-FDF7-4CA7-B6EB-E7DC5D747955}.Debug|Any CPU.ActiveCfg = Debug|Any CPU
		{3D62B1DE-FDF7-4CA7-B6EB-E7DC5D747955}.Debug|Any CPU.Build.0 = Debug|Any CPU
		{3D62B1DE-FDF7-4CA7-B6EB-E7DC5D747955}.Debug|iPhone.ActiveCfg = Debug|Any CPU
		{3D62B1DE-FDF7-4CA7-B6EB-E7DC5D747955}.Debug|iPhone.Build.0 = Debug|Any CPU
		{3D62B1DE-FDF7-4CA7-B6EB-E7DC5D747955}.Debug|iPhoneSimulator.ActiveCfg = Debug|Any CPU
		{3D62B1DE-FDF7-4CA7-B6EB-E7DC5D747955}.Debug|iPhoneSimulator.Build.0 = Debug|Any CPU
		{3D62B1DE-FDF7-4CA7-B6EB-E7DC5D747955}.Debug|x64.ActiveCfg = Debug|Any CPU
		{3D62B1DE-FDF7-4CA7-B6EB-E7DC5D747955}.Debug|x64.Build.0 = Debug|Any CPU
		{3D62B1DE-FDF7-4CA7-B6EB-E7DC5D747955}.Debug|x86.ActiveCfg = Debug|Any CPU
		{3D62B1DE-FDF7-4CA7-B6EB-E7DC5D747955}.Debug|x86.Build.0 = Debug|Any CPU
		{3D62B1DE-FDF7-4CA7-B6EB-E7DC5D747955}.Release|Any CPU.ActiveCfg = Release|Any CPU
		{3D62B1DE-FDF7-4CA7-B6EB-E7DC5D747955}.Release|Any CPU.Build.0 = Release|Any CPU
		{3D62B1DE-FDF7-4CA7-B6EB-E7DC5D747955}.Release|iPhone.ActiveCfg = Release|Any CPU
		{3D62B1DE-FDF7-4CA7-B6EB-E7DC5D747955}.Release|iPhone.Build.0 = Release|Any CPU
		{3D62B1DE-FDF7-4CA7-B6EB-E7DC5D747955}.Release|iPhoneSimulator.ActiveCfg = Release|Any CPU
		{3D62B1DE-FDF7-4CA7-B6EB-E7DC5D747955}.Release|iPhoneSimulator.Build.0 = Release|Any CPU
		{3D62B1DE-FDF7-4CA7-B6EB-E7DC5D747955}.Release|x64.ActiveCfg = Release|Any CPU
		{3D62B1DE-FDF7-4CA7-B6EB-E7DC5D747955}.Release|x64.Build.0 = Release|Any CPU
		{3D62B1DE-FDF7-4CA7-B6EB-E7DC5D747955}.Release|x86.ActiveCfg = Release|Any CPU
		{3D62B1DE-FDF7-4CA7-B6EB-E7DC5D747955}.Release|x86.Build.0 = Release|Any CPU
		{76797B62-6BFB-4C73-B28D-B3A19ED985BD}.Debug|Any CPU.ActiveCfg = Debug|Any CPU
		{76797B62-6BFB-4C73-B28D-B3A19ED985BD}.Debug|Any CPU.Build.0 = Debug|Any CPU
		{76797B62-6BFB-4C73-B28D-B3A19ED985BD}.Debug|iPhone.ActiveCfg = Debug|Any CPU
		{76797B62-6BFB-4C73-B28D-B3A19ED985BD}.Debug|iPhone.Build.0 = Debug|Any CPU
		{76797B62-6BFB-4C73-B28D-B3A19ED985BD}.Debug|iPhoneSimulator.ActiveCfg = Debug|Any CPU
		{76797B62-6BFB-4C73-B28D-B3A19ED985BD}.Debug|iPhoneSimulator.Build.0 = Debug|Any CPU
		{76797B62-6BFB-4C73-B28D-B3A19ED985BD}.Debug|x64.ActiveCfg = Debug|Any CPU
		{76797B62-6BFB-4C73-B28D-B3A19ED985BD}.Debug|x64.Build.0 = Debug|Any CPU
		{76797B62-6BFB-4C73-B28D-B3A19ED985BD}.Debug|x86.ActiveCfg = Debug|Any CPU
		{76797B62-6BFB-4C73-B28D-B3A19ED985BD}.Debug|x86.Build.0 = Debug|Any CPU
		{76797B62-6BFB-4C73-B28D-B3A19ED985BD}.Release|Any CPU.ActiveCfg = Release|Any CPU
		{76797B62-6BFB-4C73-B28D-B3A19ED985BD}.Release|Any CPU.Build.0 = Release|Any CPU
		{76797B62-6BFB-4C73-B28D-B3A19ED985BD}.Release|iPhone.ActiveCfg = Release|Any CPU
		{76797B62-6BFB-4C73-B28D-B3A19ED985BD}.Release|iPhone.Build.0 = Release|Any CPU
		{76797B62-6BFB-4C73-B28D-B3A19ED985BD}.Release|iPhoneSimulator.ActiveCfg = Release|Any CPU
		{76797B62-6BFB-4C73-B28D-B3A19ED985BD}.Release|iPhoneSimulator.Build.0 = Release|Any CPU
		{76797B62-6BFB-4C73-B28D-B3A19ED985BD}.Release|x64.ActiveCfg = Release|Any CPU
		{76797B62-6BFB-4C73-B28D-B3A19ED985BD}.Release|x64.Build.0 = Release|Any CPU
		{76797B62-6BFB-4C73-B28D-B3A19ED985BD}.Release|x86.ActiveCfg = Release|Any CPU
		{76797B62-6BFB-4C73-B28D-B3A19ED985BD}.Release|x86.Build.0 = Release|Any CPU
		{753C09FC-51B5-4383-BFAB-D96E4EC2D9FB}.Debug|Any CPU.ActiveCfg = Debug|Any CPU
		{753C09FC-51B5-4383-BFAB-D96E4EC2D9FB}.Debug|Any CPU.Build.0 = Debug|Any CPU
		{753C09FC-51B5-4383-BFAB-D96E4EC2D9FB}.Debug|iPhone.ActiveCfg = Debug|Any CPU
		{753C09FC-51B5-4383-BFAB-D96E4EC2D9FB}.Debug|iPhone.Build.0 = Debug|Any CPU
		{753C09FC-51B5-4383-BFAB-D96E4EC2D9FB}.Debug|iPhoneSimulator.ActiveCfg = Debug|Any CPU
		{753C09FC-51B5-4383-BFAB-D96E4EC2D9FB}.Debug|iPhoneSimulator.Build.0 = Debug|Any CPU
		{753C09FC-51B5-4383-BFAB-D96E4EC2D9FB}.Debug|x64.ActiveCfg = Debug|Any CPU
		{753C09FC-51B5-4383-BFAB-D96E4EC2D9FB}.Debug|x64.Build.0 = Debug|Any CPU
		{753C09FC-51B5-4383-BFAB-D96E4EC2D9FB}.Debug|x86.ActiveCfg = Debug|Any CPU
		{753C09FC-51B5-4383-BFAB-D96E4EC2D9FB}.Debug|x86.Build.0 = Debug|Any CPU
		{753C09FC-51B5-4383-BFAB-D96E4EC2D9FB}.Release|Any CPU.ActiveCfg = Release|Any CPU
		{753C09FC-51B5-4383-BFAB-D96E4EC2D9FB}.Release|Any CPU.Build.0 = Release|Any CPU
		{753C09FC-51B5-4383-BFAB-D96E4EC2D9FB}.Release|iPhone.ActiveCfg = Release|Any CPU
		{753C09FC-51B5-4383-BFAB-D96E4EC2D9FB}.Release|iPhone.Build.0 = Release|Any CPU
		{753C09FC-51B5-4383-BFAB-D96E4EC2D9FB}.Release|iPhoneSimulator.ActiveCfg = Release|Any CPU
		{753C09FC-51B5-4383-BFAB-D96E4EC2D9FB}.Release|iPhoneSimulator.Build.0 = Release|Any CPU
		{753C09FC-51B5-4383-BFAB-D96E4EC2D9FB}.Release|x64.ActiveCfg = Release|Any CPU
		{753C09FC-51B5-4383-BFAB-D96E4EC2D9FB}.Release|x64.Build.0 = Release|Any CPU
		{753C09FC-51B5-4383-BFAB-D96E4EC2D9FB}.Release|x86.ActiveCfg = Release|Any CPU
		{753C09FC-51B5-4383-BFAB-D96E4EC2D9FB}.Release|x86.Build.0 = Release|Any CPU
		{D3027276-4455-45BE-85B7-A180F40DB859}.Debug|Any CPU.ActiveCfg = Debug|Any CPU
		{D3027276-4455-45BE-85B7-A180F40DB859}.Debug|Any CPU.Build.0 = Debug|Any CPU
		{D3027276-4455-45BE-85B7-A180F40DB859}.Debug|iPhone.ActiveCfg = Debug|Any CPU
		{D3027276-4455-45BE-85B7-A180F40DB859}.Debug|iPhone.Build.0 = Debug|Any CPU
		{D3027276-4455-45BE-85B7-A180F40DB859}.Debug|iPhoneSimulator.ActiveCfg = Debug|Any CPU
		{D3027276-4455-45BE-85B7-A180F40DB859}.Debug|iPhoneSimulator.Build.0 = Debug|Any CPU
		{D3027276-4455-45BE-85B7-A180F40DB859}.Debug|x64.ActiveCfg = Debug|Any CPU
		{D3027276-4455-45BE-85B7-A180F40DB859}.Debug|x64.Build.0 = Debug|Any CPU
		{D3027276-4455-45BE-85B7-A180F40DB859}.Debug|x86.ActiveCfg = Debug|Any CPU
		{D3027276-4455-45BE-85B7-A180F40DB859}.Debug|x86.Build.0 = Debug|Any CPU
		{D3027276-4455-45BE-85B7-A180F40DB859}.Release|Any CPU.ActiveCfg = Release|Any CPU
		{D3027276-4455-45BE-85B7-A180F40DB859}.Release|Any CPU.Build.0 = Release|Any CPU
		{D3027276-4455-45BE-85B7-A180F40DB859}.Release|iPhone.ActiveCfg = Release|Any CPU
		{D3027276-4455-45BE-85B7-A180F40DB859}.Release|iPhone.Build.0 = Release|Any CPU
		{D3027276-4455-45BE-85B7-A180F40DB859}.Release|iPhoneSimulator.ActiveCfg = Release|Any CPU
		{D3027276-4455-45BE-85B7-A180F40DB859}.Release|iPhoneSimulator.Build.0 = Release|Any CPU
		{D3027276-4455-45BE-85B7-A180F40DB859}.Release|x64.ActiveCfg = Release|Any CPU
		{D3027276-4455-45BE-85B7-A180F40DB859}.Release|x64.Build.0 = Release|Any CPU
		{D3027276-4455-45BE-85B7-A180F40DB859}.Release|x86.ActiveCfg = Release|Any CPU
		{D3027276-4455-45BE-85B7-A180F40DB859}.Release|x86.Build.0 = Release|Any CPU
		{6B456321-F061-4DA1-A488-1D7002EB6D5A}.Debug|Any CPU.ActiveCfg = Debug|Any CPU
		{6B456321-F061-4DA1-A488-1D7002EB6D5A}.Debug|Any CPU.Build.0 = Debug|Any CPU
		{6B456321-F061-4DA1-A488-1D7002EB6D5A}.Debug|iPhone.ActiveCfg = Debug|Any CPU
		{6B456321-F061-4DA1-A488-1D7002EB6D5A}.Debug|iPhone.Build.0 = Debug|Any CPU
		{6B456321-F061-4DA1-A488-1D7002EB6D5A}.Debug|iPhoneSimulator.ActiveCfg = Debug|Any CPU
		{6B456321-F061-4DA1-A488-1D7002EB6D5A}.Debug|iPhoneSimulator.Build.0 = Debug|Any CPU
		{6B456321-F061-4DA1-A488-1D7002EB6D5A}.Debug|x64.ActiveCfg = Debug|Any CPU
		{6B456321-F061-4DA1-A488-1D7002EB6D5A}.Debug|x64.Build.0 = Debug|Any CPU
		{6B456321-F061-4DA1-A488-1D7002EB6D5A}.Debug|x86.ActiveCfg = Debug|Any CPU
		{6B456321-F061-4DA1-A488-1D7002EB6D5A}.Debug|x86.Build.0 = Debug|Any CPU
		{6B456321-F061-4DA1-A488-1D7002EB6D5A}.Release|Any CPU.ActiveCfg = Release|Any CPU
		{6B456321-F061-4DA1-A488-1D7002EB6D5A}.Release|Any CPU.Build.0 = Release|Any CPU
		{6B456321-F061-4DA1-A488-1D7002EB6D5A}.Release|iPhone.ActiveCfg = Release|Any CPU
		{6B456321-F061-4DA1-A488-1D7002EB6D5A}.Release|iPhone.Build.0 = Release|Any CPU
		{6B456321-F061-4DA1-A488-1D7002EB6D5A}.Release|iPhoneSimulator.ActiveCfg = Release|Any CPU
		{6B456321-F061-4DA1-A488-1D7002EB6D5A}.Release|iPhoneSimulator.Build.0 = Release|Any CPU
		{6B456321-F061-4DA1-A488-1D7002EB6D5A}.Release|x64.ActiveCfg = Release|Any CPU
		{6B456321-F061-4DA1-A488-1D7002EB6D5A}.Release|x64.Build.0 = Release|Any CPU
		{6B456321-F061-4DA1-A488-1D7002EB6D5A}.Release|x86.ActiveCfg = Release|Any CPU
		{6B456321-F061-4DA1-A488-1D7002EB6D5A}.Release|x86.Build.0 = Release|Any CPU
		{1A46584B-1EA4-4C84-9887-5908D7762BC9}.Debug|Any CPU.ActiveCfg = Debug|Any CPU
		{1A46584B-1EA4-4C84-9887-5908D7762BC9}.Debug|Any CPU.Build.0 = Debug|Any CPU
		{1A46584B-1EA4-4C84-9887-5908D7762BC9}.Debug|iPhone.ActiveCfg = Debug|Any CPU
		{1A46584B-1EA4-4C84-9887-5908D7762BC9}.Debug|iPhone.Build.0 = Debug|Any CPU
		{1A46584B-1EA4-4C84-9887-5908D7762BC9}.Debug|iPhoneSimulator.ActiveCfg = Debug|Any CPU
		{1A46584B-1EA4-4C84-9887-5908D7762BC9}.Debug|iPhoneSimulator.Build.0 = Debug|Any CPU
		{1A46584B-1EA4-4C84-9887-5908D7762BC9}.Debug|x64.ActiveCfg = Debug|Any CPU
		{1A46584B-1EA4-4C84-9887-5908D7762BC9}.Debug|x64.Build.0 = Debug|Any CPU
		{1A46584B-1EA4-4C84-9887-5908D7762BC9}.Debug|x86.ActiveCfg = Debug|Any CPU
		{1A46584B-1EA4-4C84-9887-5908D7762BC9}.Debug|x86.Build.0 = Debug|Any CPU
		{1A46584B-1EA4-4C84-9887-5908D7762BC9}.Release|Any CPU.ActiveCfg = Release|Any CPU
		{1A46584B-1EA4-4C84-9887-5908D7762BC9}.Release|Any CPU.Build.0 = Release|Any CPU
		{1A46584B-1EA4-4C84-9887-5908D7762BC9}.Release|iPhone.ActiveCfg = Release|Any CPU
		{1A46584B-1EA4-4C84-9887-5908D7762BC9}.Release|iPhone.Build.0 = Release|Any CPU
		{1A46584B-1EA4-4C84-9887-5908D7762BC9}.Release|iPhoneSimulator.ActiveCfg = Release|Any CPU
		{1A46584B-1EA4-4C84-9887-5908D7762BC9}.Release|iPhoneSimulator.Build.0 = Release|Any CPU
		{1A46584B-1EA4-4C84-9887-5908D7762BC9}.Release|x64.ActiveCfg = Release|Any CPU
		{1A46584B-1EA4-4C84-9887-5908D7762BC9}.Release|x64.Build.0 = Release|Any CPU
		{1A46584B-1EA4-4C84-9887-5908D7762BC9}.Release|x86.ActiveCfg = Release|Any CPU
		{1A46584B-1EA4-4C84-9887-5908D7762BC9}.Release|x86.Build.0 = Release|Any CPU
		{EAD3FD0E-DC8E-44D4-BFD1-0630AF1D3D37}.Debug|Any CPU.ActiveCfg = Debug|Any CPU
		{EAD3FD0E-DC8E-44D4-BFD1-0630AF1D3D37}.Debug|Any CPU.Build.0 = Debug|Any CPU
		{EAD3FD0E-DC8E-44D4-BFD1-0630AF1D3D37}.Debug|iPhone.ActiveCfg = Debug|Any CPU
		{EAD3FD0E-DC8E-44D4-BFD1-0630AF1D3D37}.Debug|iPhone.Build.0 = Debug|Any CPU
		{EAD3FD0E-DC8E-44D4-BFD1-0630AF1D3D37}.Debug|iPhoneSimulator.ActiveCfg = Debug|Any CPU
		{EAD3FD0E-DC8E-44D4-BFD1-0630AF1D3D37}.Debug|iPhoneSimulator.Build.0 = Debug|Any CPU
		{EAD3FD0E-DC8E-44D4-BFD1-0630AF1D3D37}.Debug|x64.ActiveCfg = Debug|Any CPU
		{EAD3FD0E-DC8E-44D4-BFD1-0630AF1D3D37}.Debug|x64.Build.0 = Debug|Any CPU
		{EAD3FD0E-DC8E-44D4-BFD1-0630AF1D3D37}.Debug|x86.ActiveCfg = Debug|Any CPU
		{EAD3FD0E-DC8E-44D4-BFD1-0630AF1D3D37}.Debug|x86.Build.0 = Debug|Any CPU
		{EAD3FD0E-DC8E-44D4-BFD1-0630AF1D3D37}.Release|Any CPU.ActiveCfg = Release|Any CPU
		{EAD3FD0E-DC8E-44D4-BFD1-0630AF1D3D37}.Release|Any CPU.Build.0 = Release|Any CPU
		{EAD3FD0E-DC8E-44D4-BFD1-0630AF1D3D37}.Release|iPhone.ActiveCfg = Release|Any CPU
		{EAD3FD0E-DC8E-44D4-BFD1-0630AF1D3D37}.Release|iPhone.Build.0 = Release|Any CPU
		{EAD3FD0E-DC8E-44D4-BFD1-0630AF1D3D37}.Release|iPhoneSimulator.ActiveCfg = Release|Any CPU
		{EAD3FD0E-DC8E-44D4-BFD1-0630AF1D3D37}.Release|iPhoneSimulator.Build.0 = Release|Any CPU
		{EAD3FD0E-DC8E-44D4-BFD1-0630AF1D3D37}.Release|x64.ActiveCfg = Release|Any CPU
		{EAD3FD0E-DC8E-44D4-BFD1-0630AF1D3D37}.Release|x64.Build.0 = Release|Any CPU
		{EAD3FD0E-DC8E-44D4-BFD1-0630AF1D3D37}.Release|x86.ActiveCfg = Release|Any CPU
		{EAD3FD0E-DC8E-44D4-BFD1-0630AF1D3D37}.Release|x86.Build.0 = Release|Any CPU
		{7C8EB2FA-975E-4AAD-85A6-A0F4A9E4E5F8}.Debug|Any CPU.ActiveCfg = Debug|Any CPU
		{7C8EB2FA-975E-4AAD-85A6-A0F4A9E4E5F8}.Debug|Any CPU.Build.0 = Debug|Any CPU
		{7C8EB2FA-975E-4AAD-85A6-A0F4A9E4E5F8}.Debug|iPhone.ActiveCfg = Debug|Any CPU
		{7C8EB2FA-975E-4AAD-85A6-A0F4A9E4E5F8}.Debug|iPhone.Build.0 = Debug|Any CPU
		{7C8EB2FA-975E-4AAD-85A6-A0F4A9E4E5F8}.Debug|iPhoneSimulator.ActiveCfg = Debug|Any CPU
		{7C8EB2FA-975E-4AAD-85A6-A0F4A9E4E5F8}.Debug|iPhoneSimulator.Build.0 = Debug|Any CPU
		{7C8EB2FA-975E-4AAD-85A6-A0F4A9E4E5F8}.Debug|x64.ActiveCfg = Debug|Any CPU
		{7C8EB2FA-975E-4AAD-85A6-A0F4A9E4E5F8}.Debug|x64.Build.0 = Debug|Any CPU
		{7C8EB2FA-975E-4AAD-85A6-A0F4A9E4E5F8}.Debug|x86.ActiveCfg = Debug|Any CPU
		{7C8EB2FA-975E-4AAD-85A6-A0F4A9E4E5F8}.Debug|x86.Build.0 = Debug|Any CPU
		{7C8EB2FA-975E-4AAD-85A6-A0F4A9E4E5F8}.Release|Any CPU.ActiveCfg = Release|Any CPU
		{7C8EB2FA-975E-4AAD-85A6-A0F4A9E4E5F8}.Release|Any CPU.Build.0 = Release|Any CPU
		{7C8EB2FA-975E-4AAD-85A6-A0F4A9E4E5F8}.Release|iPhone.ActiveCfg = Release|Any CPU
		{7C8EB2FA-975E-4AAD-85A6-A0F4A9E4E5F8}.Release|iPhone.Build.0 = Release|Any CPU
		{7C8EB2FA-975E-4AAD-85A6-A0F4A9E4E5F8}.Release|iPhoneSimulator.ActiveCfg = Release|Any CPU
		{7C8EB2FA-975E-4AAD-85A6-A0F4A9E4E5F8}.Release|iPhoneSimulator.Build.0 = Release|Any CPU
		{7C8EB2FA-975E-4AAD-85A6-A0F4A9E4E5F8}.Release|x64.ActiveCfg = Release|Any CPU
		{7C8EB2FA-975E-4AAD-85A6-A0F4A9E4E5F8}.Release|x64.Build.0 = Release|Any CPU
		{7C8EB2FA-975E-4AAD-85A6-A0F4A9E4E5F8}.Release|x86.ActiveCfg = Release|Any CPU
		{7C8EB2FA-975E-4AAD-85A6-A0F4A9E4E5F8}.Release|x86.Build.0 = Release|Any CPU
		{CB84846B-74DC-4F18-895A-35FF5FE314B9}.Debug|Any CPU.ActiveCfg = Debug|Any CPU
		{CB84846B-74DC-4F18-895A-35FF5FE314B9}.Debug|Any CPU.Build.0 = Debug|Any CPU
		{CB84846B-74DC-4F18-895A-35FF5FE314B9}.Debug|iPhone.ActiveCfg = Debug|Any CPU
		{CB84846B-74DC-4F18-895A-35FF5FE314B9}.Debug|iPhone.Build.0 = Debug|Any CPU
		{CB84846B-74DC-4F18-895A-35FF5FE314B9}.Debug|iPhoneSimulator.ActiveCfg = Debug|Any CPU
		{CB84846B-74DC-4F18-895A-35FF5FE314B9}.Debug|iPhoneSimulator.Build.0 = Debug|Any CPU
		{CB84846B-74DC-4F18-895A-35FF5FE314B9}.Debug|x64.ActiveCfg = Debug|Any CPU
		{CB84846B-74DC-4F18-895A-35FF5FE314B9}.Debug|x64.Build.0 = Debug|Any CPU
		{CB84846B-74DC-4F18-895A-35FF5FE314B9}.Debug|x86.ActiveCfg = Debug|Any CPU
		{CB84846B-74DC-4F18-895A-35FF5FE314B9}.Debug|x86.Build.0 = Debug|Any CPU
		{CB84846B-74DC-4F18-895A-35FF5FE314B9}.Release|Any CPU.ActiveCfg = Release|Any CPU
		{CB84846B-74DC-4F18-895A-35FF5FE314B9}.Release|Any CPU.Build.0 = Release|Any CPU
		{CB84846B-74DC-4F18-895A-35FF5FE314B9}.Release|iPhone.ActiveCfg = Release|Any CPU
		{CB84846B-74DC-4F18-895A-35FF5FE314B9}.Release|iPhone.Build.0 = Release|Any CPU
		{CB84846B-74DC-4F18-895A-35FF5FE314B9}.Release|iPhoneSimulator.ActiveCfg = Release|Any CPU
		{CB84846B-74DC-4F18-895A-35FF5FE314B9}.Release|iPhoneSimulator.Build.0 = Release|Any CPU
		{CB84846B-74DC-4F18-895A-35FF5FE314B9}.Release|x64.ActiveCfg = Release|Any CPU
		{CB84846B-74DC-4F18-895A-35FF5FE314B9}.Release|x64.Build.0 = Release|Any CPU
		{CB84846B-74DC-4F18-895A-35FF5FE314B9}.Release|x86.ActiveCfg = Release|Any CPU
		{CB84846B-74DC-4F18-895A-35FF5FE314B9}.Release|x86.Build.0 = Release|Any CPU
		{6D657DBB-D69B-49E1-9F20-FD49CAB99BAD}.Debug|Any CPU.ActiveCfg = Debug|Any CPU
		{6D657DBB-D69B-49E1-9F20-FD49CAB99BAD}.Debug|Any CPU.Build.0 = Debug|Any CPU
		{6D657DBB-D69B-49E1-9F20-FD49CAB99BAD}.Debug|iPhone.ActiveCfg = Debug|Any CPU
		{6D657DBB-D69B-49E1-9F20-FD49CAB99BAD}.Debug|iPhone.Build.0 = Debug|Any CPU
		{6D657DBB-D69B-49E1-9F20-FD49CAB99BAD}.Debug|iPhoneSimulator.ActiveCfg = Debug|Any CPU
		{6D657DBB-D69B-49E1-9F20-FD49CAB99BAD}.Debug|iPhoneSimulator.Build.0 = Debug|Any CPU
		{6D657DBB-D69B-49E1-9F20-FD49CAB99BAD}.Debug|x64.ActiveCfg = Debug|Any CPU
		{6D657DBB-D69B-49E1-9F20-FD49CAB99BAD}.Debug|x64.Build.0 = Debug|Any CPU
		{6D657DBB-D69B-49E1-9F20-FD49CAB99BAD}.Debug|x86.ActiveCfg = Debug|Any CPU
		{6D657DBB-D69B-49E1-9F20-FD49CAB99BAD}.Debug|x86.Build.0 = Debug|Any CPU
		{6D657DBB-D69B-49E1-9F20-FD49CAB99BAD}.Release|Any CPU.ActiveCfg = Release|Any CPU
		{6D657DBB-D69B-49E1-9F20-FD49CAB99BAD}.Release|Any CPU.Build.0 = Release|Any CPU
		{6D657DBB-D69B-49E1-9F20-FD49CAB99BAD}.Release|iPhone.ActiveCfg = Release|Any CPU
		{6D657DBB-D69B-49E1-9F20-FD49CAB99BAD}.Release|iPhone.Build.0 = Release|Any CPU
		{6D657DBB-D69B-49E1-9F20-FD49CAB99BAD}.Release|iPhoneSimulator.ActiveCfg = Release|Any CPU
		{6D657DBB-D69B-49E1-9F20-FD49CAB99BAD}.Release|iPhoneSimulator.Build.0 = Release|Any CPU
		{6D657DBB-D69B-49E1-9F20-FD49CAB99BAD}.Release|x64.ActiveCfg = Release|Any CPU
		{6D657DBB-D69B-49E1-9F20-FD49CAB99BAD}.Release|x64.Build.0 = Release|Any CPU
		{6D657DBB-D69B-49E1-9F20-FD49CAB99BAD}.Release|x86.ActiveCfg = Release|Any CPU
		{6D657DBB-D69B-49E1-9F20-FD49CAB99BAD}.Release|x86.Build.0 = Release|Any CPU
		{8F8DC762-6397-42CD-A7CD-7A800A4F4ABF}.Debug|Any CPU.ActiveCfg = Debug|Any CPU
		{8F8DC762-6397-42CD-A7CD-7A800A4F4ABF}.Debug|Any CPU.Build.0 = Debug|Any CPU
		{8F8DC762-6397-42CD-A7CD-7A800A4F4ABF}.Debug|iPhone.ActiveCfg = Debug|Any CPU
		{8F8DC762-6397-42CD-A7CD-7A800A4F4ABF}.Debug|iPhone.Build.0 = Debug|Any CPU
		{8F8DC762-6397-42CD-A7CD-7A800A4F4ABF}.Debug|iPhoneSimulator.ActiveCfg = Debug|Any CPU
		{8F8DC762-6397-42CD-A7CD-7A800A4F4ABF}.Debug|iPhoneSimulator.Build.0 = Debug|Any CPU
		{8F8DC762-6397-42CD-A7CD-7A800A4F4ABF}.Debug|x64.ActiveCfg = Debug|Any CPU
		{8F8DC762-6397-42CD-A7CD-7A800A4F4ABF}.Debug|x64.Build.0 = Debug|Any CPU
		{8F8DC762-6397-42CD-A7CD-7A800A4F4ABF}.Debug|x86.ActiveCfg = Debug|Any CPU
		{8F8DC762-6397-42CD-A7CD-7A800A4F4ABF}.Debug|x86.Build.0 = Debug|Any CPU
		{8F8DC762-6397-42CD-A7CD-7A800A4F4ABF}.Release|Any CPU.ActiveCfg = Release|Any CPU
		{8F8DC762-6397-42CD-A7CD-7A800A4F4ABF}.Release|Any CPU.Build.0 = Release|Any CPU
		{8F8DC762-6397-42CD-A7CD-7A800A4F4ABF}.Release|iPhone.ActiveCfg = Release|Any CPU
		{8F8DC762-6397-42CD-A7CD-7A800A4F4ABF}.Release|iPhone.Build.0 = Release|Any CPU
		{8F8DC762-6397-42CD-A7CD-7A800A4F4ABF}.Release|iPhoneSimulator.ActiveCfg = Release|Any CPU
		{8F8DC762-6397-42CD-A7CD-7A800A4F4ABF}.Release|iPhoneSimulator.Build.0 = Release|Any CPU
		{8F8DC762-6397-42CD-A7CD-7A800A4F4ABF}.Release|x64.ActiveCfg = Release|Any CPU
		{8F8DC762-6397-42CD-A7CD-7A800A4F4ABF}.Release|x64.Build.0 = Release|Any CPU
		{8F8DC762-6397-42CD-A7CD-7A800A4F4ABF}.Release|x86.ActiveCfg = Release|Any CPU
		{8F8DC762-6397-42CD-A7CD-7A800A4F4ABF}.Release|x86.Build.0 = Release|Any CPU
		{18BC0F68-18C4-4EE0-BF4B-82CA76A16AD8}.Debug|Any CPU.ActiveCfg = Debug|Any CPU
		{18BC0F68-18C4-4EE0-BF4B-82CA76A16AD8}.Debug|Any CPU.Build.0 = Debug|Any CPU
		{18BC0F68-18C4-4EE0-BF4B-82CA76A16AD8}.Debug|iPhone.ActiveCfg = Debug|Any CPU
		{18BC0F68-18C4-4EE0-BF4B-82CA76A16AD8}.Debug|iPhone.Build.0 = Debug|Any CPU
		{18BC0F68-18C4-4EE0-BF4B-82CA76A16AD8}.Debug|iPhoneSimulator.ActiveCfg = Debug|Any CPU
		{18BC0F68-18C4-4EE0-BF4B-82CA76A16AD8}.Debug|iPhoneSimulator.Build.0 = Debug|Any CPU
		{18BC0F68-18C4-4EE0-BF4B-82CA76A16AD8}.Debug|x64.ActiveCfg = Debug|Any CPU
		{18BC0F68-18C4-4EE0-BF4B-82CA76A16AD8}.Debug|x64.Build.0 = Debug|Any CPU
		{18BC0F68-18C4-4EE0-BF4B-82CA76A16AD8}.Debug|x86.ActiveCfg = Debug|Any CPU
		{18BC0F68-18C4-4EE0-BF4B-82CA76A16AD8}.Debug|x86.Build.0 = Debug|Any CPU
		{18BC0F68-18C4-4EE0-BF4B-82CA76A16AD8}.Release|Any CPU.ActiveCfg = Release|Any CPU
		{18BC0F68-18C4-4EE0-BF4B-82CA76A16AD8}.Release|Any CPU.Build.0 = Release|Any CPU
		{18BC0F68-18C4-4EE0-BF4B-82CA76A16AD8}.Release|iPhone.ActiveCfg = Release|Any CPU
		{18BC0F68-18C4-4EE0-BF4B-82CA76A16AD8}.Release|iPhone.Build.0 = Release|Any CPU
		{18BC0F68-18C4-4EE0-BF4B-82CA76A16AD8}.Release|iPhoneSimulator.ActiveCfg = Release|Any CPU
		{18BC0F68-18C4-4EE0-BF4B-82CA76A16AD8}.Release|iPhoneSimulator.Build.0 = Release|Any CPU
		{18BC0F68-18C4-4EE0-BF4B-82CA76A16AD8}.Release|x64.ActiveCfg = Release|Any CPU
		{18BC0F68-18C4-4EE0-BF4B-82CA76A16AD8}.Release|x64.Build.0 = Release|Any CPU
		{18BC0F68-18C4-4EE0-BF4B-82CA76A16AD8}.Release|x86.ActiveCfg = Release|Any CPU
		{18BC0F68-18C4-4EE0-BF4B-82CA76A16AD8}.Release|x86.Build.0 = Release|Any CPU
		{D169C177-C58C-4999-9EC4-DFBBE724F7F4}.Debug|Any CPU.ActiveCfg = Debug|Any CPU
		{D169C177-C58C-4999-9EC4-DFBBE724F7F4}.Debug|Any CPU.Build.0 = Debug|Any CPU
		{D169C177-C58C-4999-9EC4-DFBBE724F7F4}.Debug|iPhone.ActiveCfg = Debug|Any CPU
		{D169C177-C58C-4999-9EC4-DFBBE724F7F4}.Debug|iPhone.Build.0 = Debug|Any CPU
		{D169C177-C58C-4999-9EC4-DFBBE724F7F4}.Debug|iPhoneSimulator.ActiveCfg = Debug|Any CPU
		{D169C177-C58C-4999-9EC4-DFBBE724F7F4}.Debug|iPhoneSimulator.Build.0 = Debug|Any CPU
		{D169C177-C58C-4999-9EC4-DFBBE724F7F4}.Debug|x64.ActiveCfg = Debug|Any CPU
		{D169C177-C58C-4999-9EC4-DFBBE724F7F4}.Debug|x64.Build.0 = Debug|Any CPU
		{D169C177-C58C-4999-9EC4-DFBBE724F7F4}.Debug|x86.ActiveCfg = Debug|Any CPU
		{D169C177-C58C-4999-9EC4-DFBBE724F7F4}.Debug|x86.Build.0 = Debug|Any CPU
		{D169C177-C58C-4999-9EC4-DFBBE724F7F4}.Release|Any CPU.ActiveCfg = Release|Any CPU
		{D169C177-C58C-4999-9EC4-DFBBE724F7F4}.Release|Any CPU.Build.0 = Release|Any CPU
		{D169C177-C58C-4999-9EC4-DFBBE724F7F4}.Release|iPhone.ActiveCfg = Release|Any CPU
		{D169C177-C58C-4999-9EC4-DFBBE724F7F4}.Release|iPhone.Build.0 = Release|Any CPU
		{D169C177-C58C-4999-9EC4-DFBBE724F7F4}.Release|iPhoneSimulator.ActiveCfg = Release|Any CPU
		{D169C177-C58C-4999-9EC4-DFBBE724F7F4}.Release|iPhoneSimulator.Build.0 = Release|Any CPU
		{D169C177-C58C-4999-9EC4-DFBBE724F7F4}.Release|x64.ActiveCfg = Release|Any CPU
		{D169C177-C58C-4999-9EC4-DFBBE724F7F4}.Release|x64.Build.0 = Release|Any CPU
		{D169C177-C58C-4999-9EC4-DFBBE724F7F4}.Release|x86.ActiveCfg = Release|Any CPU
		{D169C177-C58C-4999-9EC4-DFBBE724F7F4}.Release|x86.Build.0 = Release|Any CPU
		{2AB26F19-D39A-4F80-9976-81D7AD57891A}.Debug|Any CPU.ActiveCfg = Debug|Any CPU
		{2AB26F19-D39A-4F80-9976-81D7AD57891A}.Debug|Any CPU.Build.0 = Debug|Any CPU
		{2AB26F19-D39A-4F80-9976-81D7AD57891A}.Debug|iPhone.ActiveCfg = Debug|Any CPU
		{2AB26F19-D39A-4F80-9976-81D7AD57891A}.Debug|iPhone.Build.0 = Debug|Any CPU
		{2AB26F19-D39A-4F80-9976-81D7AD57891A}.Debug|iPhoneSimulator.ActiveCfg = Debug|Any CPU
		{2AB26F19-D39A-4F80-9976-81D7AD57891A}.Debug|iPhoneSimulator.Build.0 = Debug|Any CPU
		{2AB26F19-D39A-4F80-9976-81D7AD57891A}.Debug|x64.ActiveCfg = Debug|Any CPU
		{2AB26F19-D39A-4F80-9976-81D7AD57891A}.Debug|x64.Build.0 = Debug|Any CPU
		{2AB26F19-D39A-4F80-9976-81D7AD57891A}.Debug|x86.ActiveCfg = Debug|Any CPU
		{2AB26F19-D39A-4F80-9976-81D7AD57891A}.Debug|x86.Build.0 = Debug|Any CPU
		{2AB26F19-D39A-4F80-9976-81D7AD57891A}.Release|Any CPU.ActiveCfg = Release|Any CPU
		{2AB26F19-D39A-4F80-9976-81D7AD57891A}.Release|Any CPU.Build.0 = Release|Any CPU
		{2AB26F19-D39A-4F80-9976-81D7AD57891A}.Release|iPhone.ActiveCfg = Release|Any CPU
		{2AB26F19-D39A-4F80-9976-81D7AD57891A}.Release|iPhone.Build.0 = Release|Any CPU
		{2AB26F19-D39A-4F80-9976-81D7AD57891A}.Release|iPhoneSimulator.ActiveCfg = Release|Any CPU
		{2AB26F19-D39A-4F80-9976-81D7AD57891A}.Release|iPhoneSimulator.Build.0 = Release|Any CPU
		{2AB26F19-D39A-4F80-9976-81D7AD57891A}.Release|x64.ActiveCfg = Release|Any CPU
		{2AB26F19-D39A-4F80-9976-81D7AD57891A}.Release|x64.Build.0 = Release|Any CPU
		{2AB26F19-D39A-4F80-9976-81D7AD57891A}.Release|x86.ActiveCfg = Release|Any CPU
		{2AB26F19-D39A-4F80-9976-81D7AD57891A}.Release|x86.Build.0 = Release|Any CPU
		{8B30A895-D03A-43E8-8E28-EA690FE8BDB9}.Debug|Any CPU.ActiveCfg = Debug|Any CPU
		{8B30A895-D03A-43E8-8E28-EA690FE8BDB9}.Debug|Any CPU.Build.0 = Debug|Any CPU
		{8B30A895-D03A-43E8-8E28-EA690FE8BDB9}.Debug|iPhone.ActiveCfg = Debug|Any CPU
		{8B30A895-D03A-43E8-8E28-EA690FE8BDB9}.Debug|iPhone.Build.0 = Debug|Any CPU
		{8B30A895-D03A-43E8-8E28-EA690FE8BDB9}.Debug|iPhoneSimulator.ActiveCfg = Debug|Any CPU
		{8B30A895-D03A-43E8-8E28-EA690FE8BDB9}.Debug|iPhoneSimulator.Build.0 = Debug|Any CPU
		{8B30A895-D03A-43E8-8E28-EA690FE8BDB9}.Debug|x64.ActiveCfg = Debug|Any CPU
		{8B30A895-D03A-43E8-8E28-EA690FE8BDB9}.Debug|x64.Build.0 = Debug|Any CPU
		{8B30A895-D03A-43E8-8E28-EA690FE8BDB9}.Debug|x86.ActiveCfg = Debug|Any CPU
		{8B30A895-D03A-43E8-8E28-EA690FE8BDB9}.Debug|x86.Build.0 = Debug|Any CPU
		{8B30A895-D03A-43E8-8E28-EA690FE8BDB9}.Release|Any CPU.ActiveCfg = Release|Any CPU
		{8B30A895-D03A-43E8-8E28-EA690FE8BDB9}.Release|Any CPU.Build.0 = Release|Any CPU
		{8B30A895-D03A-43E8-8E28-EA690FE8BDB9}.Release|iPhone.ActiveCfg = Release|Any CPU
		{8B30A895-D03A-43E8-8E28-EA690FE8BDB9}.Release|iPhone.Build.0 = Release|Any CPU
		{8B30A895-D03A-43E8-8E28-EA690FE8BDB9}.Release|iPhoneSimulator.ActiveCfg = Release|Any CPU
		{8B30A895-D03A-43E8-8E28-EA690FE8BDB9}.Release|iPhoneSimulator.Build.0 = Release|Any CPU
		{8B30A895-D03A-43E8-8E28-EA690FE8BDB9}.Release|x64.ActiveCfg = Release|Any CPU
		{8B30A895-D03A-43E8-8E28-EA690FE8BDB9}.Release|x64.Build.0 = Release|Any CPU
		{8B30A895-D03A-43E8-8E28-EA690FE8BDB9}.Release|x86.ActiveCfg = Release|Any CPU
		{8B30A895-D03A-43E8-8E28-EA690FE8BDB9}.Release|x86.Build.0 = Release|Any CPU
		{C502546B-B847-46B1-80AC-6299E9E4BB6D}.Debug|Any CPU.ActiveCfg = Debug|Any CPU
		{C502546B-B847-46B1-80AC-6299E9E4BB6D}.Debug|Any CPU.Build.0 = Debug|Any CPU
		{C502546B-B847-46B1-80AC-6299E9E4BB6D}.Debug|iPhone.ActiveCfg = Debug|Any CPU
		{C502546B-B847-46B1-80AC-6299E9E4BB6D}.Debug|iPhone.Build.0 = Debug|Any CPU
		{C502546B-B847-46B1-80AC-6299E9E4BB6D}.Debug|iPhoneSimulator.ActiveCfg = Debug|Any CPU
		{C502546B-B847-46B1-80AC-6299E9E4BB6D}.Debug|iPhoneSimulator.Build.0 = Debug|Any CPU
		{C502546B-B847-46B1-80AC-6299E9E4BB6D}.Debug|x64.ActiveCfg = Debug|Any CPU
		{C502546B-B847-46B1-80AC-6299E9E4BB6D}.Debug|x64.Build.0 = Debug|Any CPU
		{C502546B-B847-46B1-80AC-6299E9E4BB6D}.Debug|x86.ActiveCfg = Debug|Any CPU
		{C502546B-B847-46B1-80AC-6299E9E4BB6D}.Debug|x86.Build.0 = Debug|Any CPU
		{C502546B-B847-46B1-80AC-6299E9E4BB6D}.Release|Any CPU.ActiveCfg = Release|Any CPU
		{C502546B-B847-46B1-80AC-6299E9E4BB6D}.Release|Any CPU.Build.0 = Release|Any CPU
		{C502546B-B847-46B1-80AC-6299E9E4BB6D}.Release|iPhone.ActiveCfg = Release|Any CPU
		{C502546B-B847-46B1-80AC-6299E9E4BB6D}.Release|iPhone.Build.0 = Release|Any CPU
		{C502546B-B847-46B1-80AC-6299E9E4BB6D}.Release|iPhoneSimulator.ActiveCfg = Release|Any CPU
		{C502546B-B847-46B1-80AC-6299E9E4BB6D}.Release|iPhoneSimulator.Build.0 = Release|Any CPU
		{C502546B-B847-46B1-80AC-6299E9E4BB6D}.Release|x64.ActiveCfg = Release|Any CPU
		{C502546B-B847-46B1-80AC-6299E9E4BB6D}.Release|x64.Build.0 = Release|Any CPU
		{C502546B-B847-46B1-80AC-6299E9E4BB6D}.Release|x86.ActiveCfg = Release|Any CPU
		{C502546B-B847-46B1-80AC-6299E9E4BB6D}.Release|x86.Build.0 = Release|Any CPU
		{16665B5C-280A-4187-B543-5D4818783DC9}.Debug|Any CPU.ActiveCfg = Debug|Any CPU
		{16665B5C-280A-4187-B543-5D4818783DC9}.Debug|Any CPU.Build.0 = Debug|Any CPU
		{16665B5C-280A-4187-B543-5D4818783DC9}.Debug|iPhone.ActiveCfg = Debug|Any CPU
		{16665B5C-280A-4187-B543-5D4818783DC9}.Debug|iPhone.Build.0 = Debug|Any CPU
		{16665B5C-280A-4187-B543-5D4818783DC9}.Debug|iPhoneSimulator.ActiveCfg = Debug|Any CPU
		{16665B5C-280A-4187-B543-5D4818783DC9}.Debug|iPhoneSimulator.Build.0 = Debug|Any CPU
		{16665B5C-280A-4187-B543-5D4818783DC9}.Debug|x64.ActiveCfg = Debug|Any CPU
		{16665B5C-280A-4187-B543-5D4818783DC9}.Debug|x64.Build.0 = Debug|Any CPU
		{16665B5C-280A-4187-B543-5D4818783DC9}.Debug|x86.ActiveCfg = Debug|Any CPU
		{16665B5C-280A-4187-B543-5D4818783DC9}.Debug|x86.Build.0 = Debug|Any CPU
		{16665B5C-280A-4187-B543-5D4818783DC9}.Release|Any CPU.ActiveCfg = Release|Any CPU
		{16665B5C-280A-4187-B543-5D4818783DC9}.Release|Any CPU.Build.0 = Release|Any CPU
		{16665B5C-280A-4187-B543-5D4818783DC9}.Release|iPhone.ActiveCfg = Release|Any CPU
		{16665B5C-280A-4187-B543-5D4818783DC9}.Release|iPhone.Build.0 = Release|Any CPU
		{16665B5C-280A-4187-B543-5D4818783DC9}.Release|iPhoneSimulator.ActiveCfg = Release|Any CPU
		{16665B5C-280A-4187-B543-5D4818783DC9}.Release|iPhoneSimulator.Build.0 = Release|Any CPU
		{16665B5C-280A-4187-B543-5D4818783DC9}.Release|x64.ActiveCfg = Release|Any CPU
		{16665B5C-280A-4187-B543-5D4818783DC9}.Release|x64.Build.0 = Release|Any CPU
		{16665B5C-280A-4187-B543-5D4818783DC9}.Release|x86.ActiveCfg = Release|Any CPU
		{16665B5C-280A-4187-B543-5D4818783DC9}.Release|x86.Build.0 = Release|Any CPU
		{628A3455-0297-4B1F-B543-37666A783CCC}.Debug|Any CPU.ActiveCfg = Debug|Any CPU
		{628A3455-0297-4B1F-B543-37666A783CCC}.Debug|Any CPU.Build.0 = Debug|Any CPU
		{628A3455-0297-4B1F-B543-37666A783CCC}.Debug|Any CPU.Deploy.0 = Debug|Any CPU
		{628A3455-0297-4B1F-B543-37666A783CCC}.Debug|iPhone.ActiveCfg = Debug|Any CPU
		{628A3455-0297-4B1F-B543-37666A783CCC}.Debug|iPhone.Build.0 = Debug|Any CPU
		{628A3455-0297-4B1F-B543-37666A783CCC}.Debug|iPhone.Deploy.0 = Debug|Any CPU
		{628A3455-0297-4B1F-B543-37666A783CCC}.Debug|iPhoneSimulator.ActiveCfg = Debug|Any CPU
		{628A3455-0297-4B1F-B543-37666A783CCC}.Debug|iPhoneSimulator.Build.0 = Debug|Any CPU
		{628A3455-0297-4B1F-B543-37666A783CCC}.Debug|iPhoneSimulator.Deploy.0 = Debug|Any CPU
		{628A3455-0297-4B1F-B543-37666A783CCC}.Debug|x64.ActiveCfg = Debug|Any CPU
		{628A3455-0297-4B1F-B543-37666A783CCC}.Debug|x64.Build.0 = Debug|Any CPU
		{628A3455-0297-4B1F-B543-37666A783CCC}.Debug|x64.Deploy.0 = Debug|Any CPU
		{628A3455-0297-4B1F-B543-37666A783CCC}.Debug|x86.ActiveCfg = Debug|Any CPU
		{628A3455-0297-4B1F-B543-37666A783CCC}.Debug|x86.Build.0 = Debug|Any CPU
		{628A3455-0297-4B1F-B543-37666A783CCC}.Debug|x86.Deploy.0 = Debug|Any CPU
		{628A3455-0297-4B1F-B543-37666A783CCC}.Release|Any CPU.ActiveCfg = Release|Any CPU
		{628A3455-0297-4B1F-B543-37666A783CCC}.Release|Any CPU.Build.0 = Release|Any CPU
		{628A3455-0297-4B1F-B543-37666A783CCC}.Release|Any CPU.Deploy.0 = Release|Any CPU
		{628A3455-0297-4B1F-B543-37666A783CCC}.Release|iPhone.ActiveCfg = Release|Any CPU
		{628A3455-0297-4B1F-B543-37666A783CCC}.Release|iPhone.Build.0 = Release|Any CPU
		{628A3455-0297-4B1F-B543-37666A783CCC}.Release|iPhone.Deploy.0 = Release|Any CPU
		{628A3455-0297-4B1F-B543-37666A783CCC}.Release|iPhoneSimulator.ActiveCfg = Release|Any CPU
		{628A3455-0297-4B1F-B543-37666A783CCC}.Release|iPhoneSimulator.Build.0 = Release|Any CPU
		{628A3455-0297-4B1F-B543-37666A783CCC}.Release|iPhoneSimulator.Deploy.0 = Release|Any CPU
		{628A3455-0297-4B1F-B543-37666A783CCC}.Release|x64.ActiveCfg = Release|Any CPU
		{628A3455-0297-4B1F-B543-37666A783CCC}.Release|x64.Build.0 = Release|Any CPU
		{628A3455-0297-4B1F-B543-37666A783CCC}.Release|x64.Deploy.0 = Release|Any CPU
		{628A3455-0297-4B1F-B543-37666A783CCC}.Release|x86.ActiveCfg = Release|Any CPU
		{628A3455-0297-4B1F-B543-37666A783CCC}.Release|x86.Build.0 = Release|Any CPU
		{628A3455-0297-4B1F-B543-37666A783CCC}.Release|x86.Deploy.0 = Release|Any CPU
		{209A604F-7DD2-4CE4-A7FB-002298E8DDDE}.Debug|Any CPU.ActiveCfg = Debug|iPhoneSimulator
		{209A604F-7DD2-4CE4-A7FB-002298E8DDDE}.Debug|Any CPU.Build.0 = Debug|iPhoneSimulator
		{209A604F-7DD2-4CE4-A7FB-002298E8DDDE}.Debug|iPhone.ActiveCfg = Debug|iPhone
		{209A604F-7DD2-4CE4-A7FB-002298E8DDDE}.Debug|iPhone.Build.0 = Debug|iPhone
		{209A604F-7DD2-4CE4-A7FB-002298E8DDDE}.Debug|iPhoneSimulator.ActiveCfg = Debug|iPhoneSimulator
		{209A604F-7DD2-4CE4-A7FB-002298E8DDDE}.Debug|iPhoneSimulator.Build.0 = Debug|iPhoneSimulator
		{209A604F-7DD2-4CE4-A7FB-002298E8DDDE}.Debug|x64.ActiveCfg = Debug|iPhoneSimulator
		{209A604F-7DD2-4CE4-A7FB-002298E8DDDE}.Debug|x64.Build.0 = Debug|iPhoneSimulator
		{209A604F-7DD2-4CE4-A7FB-002298E8DDDE}.Debug|x86.ActiveCfg = Debug|iPhoneSimulator
		{209A604F-7DD2-4CE4-A7FB-002298E8DDDE}.Debug|x86.Build.0 = Debug|iPhoneSimulator
		{209A604F-7DD2-4CE4-A7FB-002298E8DDDE}.Release|Any CPU.ActiveCfg = Release|iPhoneSimulator
		{209A604F-7DD2-4CE4-A7FB-002298E8DDDE}.Release|Any CPU.Build.0 = Release|iPhoneSimulator
		{209A604F-7DD2-4CE4-A7FB-002298E8DDDE}.Release|iPhone.ActiveCfg = Release|iPhone
		{209A604F-7DD2-4CE4-A7FB-002298E8DDDE}.Release|iPhone.Build.0 = Release|iPhone
		{209A604F-7DD2-4CE4-A7FB-002298E8DDDE}.Release|iPhoneSimulator.ActiveCfg = Release|iPhoneSimulator
		{209A604F-7DD2-4CE4-A7FB-002298E8DDDE}.Release|iPhoneSimulator.Build.0 = Release|iPhoneSimulator
		{209A604F-7DD2-4CE4-A7FB-002298E8DDDE}.Release|x64.ActiveCfg = Release|iPhoneSimulator
		{209A604F-7DD2-4CE4-A7FB-002298E8DDDE}.Release|x64.Build.0 = Release|iPhoneSimulator
		{209A604F-7DD2-4CE4-A7FB-002298E8DDDE}.Release|x86.ActiveCfg = Release|iPhoneSimulator
		{209A604F-7DD2-4CE4-A7FB-002298E8DDDE}.Release|x86.Build.0 = Release|iPhoneSimulator
		{85CE85E0-10A7-4F14-A4C7-33DF6B11A50E}.Debug|Any CPU.ActiveCfg = Debug|Any CPU
		{85CE85E0-10A7-4F14-A4C7-33DF6B11A50E}.Debug|Any CPU.Build.0 = Debug|Any CPU
		{85CE85E0-10A7-4F14-A4C7-33DF6B11A50E}.Debug|iPhone.ActiveCfg = Debug|Any CPU
		{85CE85E0-10A7-4F14-A4C7-33DF6B11A50E}.Debug|iPhone.Build.0 = Debug|Any CPU
		{85CE85E0-10A7-4F14-A4C7-33DF6B11A50E}.Debug|iPhoneSimulator.ActiveCfg = Debug|Any CPU
		{85CE85E0-10A7-4F14-A4C7-33DF6B11A50E}.Debug|iPhoneSimulator.Build.0 = Debug|Any CPU
		{85CE85E0-10A7-4F14-A4C7-33DF6B11A50E}.Debug|x64.ActiveCfg = Debug|Any CPU
		{85CE85E0-10A7-4F14-A4C7-33DF6B11A50E}.Debug|x64.Build.0 = Debug|Any CPU
		{85CE85E0-10A7-4F14-A4C7-33DF6B11A50E}.Debug|x86.ActiveCfg = Debug|Any CPU
		{85CE85E0-10A7-4F14-A4C7-33DF6B11A50E}.Debug|x86.Build.0 = Debug|Any CPU
		{85CE85E0-10A7-4F14-A4C7-33DF6B11A50E}.Release|Any CPU.ActiveCfg = Release|Any CPU
		{85CE85E0-10A7-4F14-A4C7-33DF6B11A50E}.Release|Any CPU.Build.0 = Release|Any CPU
		{85CE85E0-10A7-4F14-A4C7-33DF6B11A50E}.Release|iPhone.ActiveCfg = Release|Any CPU
		{85CE85E0-10A7-4F14-A4C7-33DF6B11A50E}.Release|iPhone.Build.0 = Release|Any CPU
		{85CE85E0-10A7-4F14-A4C7-33DF6B11A50E}.Release|iPhoneSimulator.ActiveCfg = Release|Any CPU
		{85CE85E0-10A7-4F14-A4C7-33DF6B11A50E}.Release|iPhoneSimulator.Build.0 = Release|Any CPU
		{85CE85E0-10A7-4F14-A4C7-33DF6B11A50E}.Release|x64.ActiveCfg = Release|Any CPU
		{85CE85E0-10A7-4F14-A4C7-33DF6B11A50E}.Release|x64.Build.0 = Release|Any CPU
		{85CE85E0-10A7-4F14-A4C7-33DF6B11A50E}.Release|x86.ActiveCfg = Release|Any CPU
		{85CE85E0-10A7-4F14-A4C7-33DF6B11A50E}.Release|x86.Build.0 = Release|Any CPU
	EndGlobalSection
	GlobalSection(SolutionProperties) = preSolution
		HideSolutionNode = FALSE
	EndGlobalSection
	GlobalSection(NestedProjects) = preSolution
		{AD81AD5B-837B-4AC3-B02A-68EE66536A96} = {97443349-A641-4E6B-AFFA-F9B3C8D40223}
		{35D3158B-2EA8-4F59-B1A3-50B6AF55AE8D} = {97443349-A641-4E6B-AFFA-F9B3C8D40223}
		{86099289-C62A-432E-84B0-F768C1D601FE} = {97443349-A641-4E6B-AFFA-F9B3C8D40223}
		{CC3BB61E-5D4E-453D-8F99-49ACA660BD50} = {97443349-A641-4E6B-AFFA-F9B3C8D40223}
		{B28A9767-D95D-4B21-A43A-BBDB278F7BA0} = {97443349-A641-4E6B-AFFA-F9B3C8D40223}
		{3D62B1DE-FDF7-4CA7-B6EB-E7DC5D747955} = {97443349-A641-4E6B-AFFA-F9B3C8D40223}
		{6B456321-F061-4DA1-A488-1D7002EB6D5A} = {F96F29C2-1B1C-4933-9E18-64414DE6E5E4}
		{EAD3FD0E-DC8E-44D4-BFD1-0630AF1D3D37} = {97443349-A641-4E6B-AFFA-F9B3C8D40223}
		{7C8EB2FA-975E-4AAD-85A6-A0F4A9E4E5F8} = {97443349-A641-4E6B-AFFA-F9B3C8D40223}
		{AE632BDD-57D5-49D6-A1E3-9312353DC951} = {17BDCA73-9E08-4163-935B-69384C17197D}
		{774D8D1A-EA67-4B4C-9643-DAED62ACA0F4} = {17BDCA73-9E08-4163-935B-69384C17197D}
		{F96F29C2-1B1C-4933-9E18-64414DE6E5E4} = {17BDCA73-9E08-4163-935B-69384C17197D}
		{1DA7D460-0AC8-4F60-9DA7-5C056543DF07} = {AE632BDD-57D5-49D6-A1E3-9312353DC951}
		{CB84846B-74DC-4F18-895A-35FF5FE314B9} = {AE632BDD-57D5-49D6-A1E3-9312353DC951}
		{6D657DBB-D69B-49E1-9F20-FD49CAB99BAD} = {774D8D1A-EA67-4B4C-9643-DAED62ACA0F4}
		{8F8DC762-6397-42CD-A7CD-7A800A4F4ABF} = {774D8D1A-EA67-4B4C-9643-DAED62ACA0F4}
		{18BC0F68-18C4-4EE0-BF4B-82CA76A16AD8} = {774D8D1A-EA67-4B4C-9643-DAED62ACA0F4}
		{D169C177-C58C-4999-9EC4-DFBBE724F7F4} = {774D8D1A-EA67-4B4C-9643-DAED62ACA0F4}
		{2AB26F19-D39A-4F80-9976-81D7AD57891A} = {774D8D1A-EA67-4B4C-9643-DAED62ACA0F4}
		{C502546B-B847-46B1-80AC-6299E9E4BB6D} = {774D8D1A-EA67-4B4C-9643-DAED62ACA0F4}
		{628A3455-0297-4B1F-B543-37666A783CCC} = {738B817E-8593-46C9-9D66-AA1508E360FF}
		{209A604F-7DD2-4CE4-A7FB-002298E8DDDE} = {738B817E-8593-46C9-9D66-AA1508E360FF}
		{85CE85E0-10A7-4F14-A4C7-33DF6B11A50E} = {738B817E-8593-46C9-9D66-AA1508E360FF}
	EndGlobalSection
	GlobalSection(ExtensibilityGlobals) = postSolution
		SolutionGuid = {E89E221B-2A33-4147-A20F-50FB7E2BD40E}
	EndGlobalSection
EndGlobal
