
Microsoft Visual Studio Solution File, Format Version 12.00
# Visual Studio Version 17
VisualStudioVersion = 17.1.32210.238
MinimumVisualStudioVersion = 10.0.40219.1
Project("{2150E333-8FDC-42A3-9474-1A3956D46DE8}") = "Solution Items", "Solution Items", "{DC01E590-855C-4D45-8763-38F78856F0CD}"
	ProjectSection(SolutionItems) = preProject
		.editorconfig = .editorconfig
	EndProjectSection
EndProject
Project("{2150E333-8FDC-42A3-9474-1A3956D46DE8}") = "ofWebApp", "ofWebApp", "{17BDCA73-9E08-4163-935B-69384C17197D}"
EndProject
Project("{2150E333-8FDC-42A3-9474-1A3956D46DE8}") = "ofWebAPIServer", "ofWebAPIServer", "{97443349-A641-4E6B-AFFA-F9B3C8D40223}"
EndProject
Project("{9A19103F-16F7-4668-BE54-9A1E7A4F7556}") = "GOCServer", "Server\GOCServer\GOCServer.csproj", "{AD81AD5B-837B-4AC3-B02A-68EE66536A96}"
EndProject
Project("{9A19103F-16F7-4668-BE54-9A1E7A4F7556}") = "OCServer", "Server\OCServer\OCServer.csproj", "{35D3158B-2EA8-4F59-B1A3-50B6AF55AE8D}"
EndProject
Project("{9A19103F-16F7-4668-BE54-9A1E7A4F7556}") = "ProductServer", "Server\ProductServer\ProductServer.csproj", "{86099289-C62A-432E-84B0-F768C1D601FE}"
EndProject
Project("{9A19103F-16F7-4668-BE54-9A1E7A4F7556}") = "TradeServer", "Server\TradeServer\TradeServer.csproj", "{CC3BB61E-5D4E-453D-8F99-49ACA660BD50}"
EndProject
Project("{9A19103F-16F7-4668-BE54-9A1E7A4F7556}") = "WarehouseServer", "Server\WarehouseServer\WarehouseServer.csproj", "{B28A9767-D95D-4B21-A43A-BBDB278F7BA0}"
EndProject
Project("{9A19103F-16F7-4668-BE54-9A1E7A4F7556}") = "IdentityServer", "Server\IdentityServer\IdentityServer.csproj", "{3D62B1DE-FDF7-4CA7-B6EB-E7DC5D747955}"
EndProject
Project("{9A19103F-16F7-4668-BE54-9A1E7A4F7556}") = "BusinessData", "BusinessData\BusinessData.csproj", "{76797B62-6BFB-4C73-B28D-B3A19ED985BD}"
EndProject
Project("{9A19103F-16F7-4668-BE54-9A1E7A4F7556}") = "BusinessLogic", "BusinessLogic\BusinessLogic.csproj", "{753C09FC-51B5-4383-BFAB-D96E4EC2D9FB}"
EndProject
Project("{9A19103F-16F7-4668-BE54-9A1E7A4F7556}") = "BusinessView", "BusinessView\BusinessView.csproj", "{D3027276-4455-45BE-85B7-A180F40DB859}"
EndProject
Project("{9A19103F-16F7-4668-BE54-9A1E7A4F7556}") = "PlanLogisticsWebApp", "WebApp\PlanLogisticsWebApp\PlanLogisticsWebApp.csproj", "{6B456321-F061-4DA1-A488-1D7002EB6D5A}"
EndProject
Project("{9A19103F-16F7-4668-BE54-9A1E7A4F7556}") = "BusinessRazor", "BusinessRazor\BusinessRazor.csproj", "{1A46584B-1EA4-4C84-9887-5908D7762BC9}"
EndProject
Project("{FAE04EC0-301F-11D3-BF4B-00C04F79EFBC}") = "JournalServer", "JournalServer\JournalServer.csproj", "{A2BC6198-31CE-4EE2-B226-B4EFB23B0955}"
EndProject
Project("{FAE04EC0-301F-11D3-BF4B-00C04F79EFBC}") = "HRServer", "HRServer\HRServer.csproj", "{F9257BD8-66E5-4830-8055-B6027F67615E}"
EndProject
Project("{FAE04EC0-301F-11D3-BF4B-00C04F79EFBC}") = "JournalBufferServer", "JournalBufferServer\JournalBufferServer.csproj", "{B8C81362-99B6-4F1F-8C0A-C2C937B007C8}"
EndProject
Global
	GlobalSection(SolutionConfigurationPlatforms) = preSolution
		Debug|Any CPU = Debug|Any CPU
		Release|Any CPU = Release|Any CPU
	EndGlobalSection
	GlobalSection(ProjectConfigurationPlatforms) = postSolution
		{AD81AD5B-837B-4AC3-B02A-68EE66536A96}.Debug|Any CPU.ActiveCfg = Debug|Any CPU
		{AD81AD5B-837B-4AC3-B02A-68EE66536A96}.Debug|Any CPU.Build.0 = Debug|Any CPU
		{AD81AD5B-837B-4AC3-B02A-68EE66536A96}.Release|Any CPU.ActiveCfg = Release|Any CPU
		{AD81AD5B-837B-4AC3-B02A-68EE66536A96}.Release|Any CPU.Build.0 = Release|Any CPU
		{35D3158B-2EA8-4F59-B1A3-50B6AF55AE8D}.Debug|Any CPU.ActiveCfg = Debug|Any CPU
		{35D3158B-2EA8-4F59-B1A3-50B6AF55AE8D}.Debug|Any CPU.Build.0 = Debug|Any CPU
		{35D3158B-2EA8-4F59-B1A3-50B6AF55AE8D}.Release|Any CPU.ActiveCfg = Release|Any CPU
		{35D3158B-2EA8-4F59-B1A3-50B6AF55AE8D}.Release|Any CPU.Build.0 = Release|Any CPU
		{86099289-C62A-432E-84B0-F768C1D601FE}.Debug|Any CPU.ActiveCfg = Debug|Any CPU
		{86099289-C62A-432E-84B0-F768C1D601FE}.Debug|Any CPU.Build.0 = Debug|Any CPU
		{86099289-C62A-432E-84B0-F768C1D601FE}.Release|Any CPU.ActiveCfg = Release|Any CPU
		{86099289-C62A-432E-84B0-F768C1D601FE}.Release|Any CPU.Build.0 = Release|Any CPU
		{CC3BB61E-5D4E-453D-8F99-49ACA660BD50}.Debug|Any CPU.ActiveCfg = Debug|Any CPU
		{CC3BB61E-5D4E-453D-8F99-49ACA660BD50}.Debug|Any CPU.Build.0 = Debug|Any CPU
		{CC3BB61E-5D4E-453D-8F99-49ACA660BD50}.Release|Any CPU.ActiveCfg = Release|Any CPU
		{CC3BB61E-5D4E-453D-8F99-49ACA660BD50}.Release|Any CPU.Build.0 = Release|Any CPU
		{B28A9767-D95D-4B21-A43A-BBDB278F7BA0}.Debug|Any CPU.ActiveCfg = Debug|Any CPU
		{B28A9767-D95D-4B21-A43A-BBDB278F7BA0}.Debug|Any CPU.Build.0 = Debug|Any CPU
		{B28A9767-D95D-4B21-A43A-BBDB278F7BA0}.Release|Any CPU.ActiveCfg = Release|Any CPU
		{B28A9767-D95D-4B21-A43A-BBDB278F7BA0}.Release|Any CPU.Build.0 = Release|Any CPU
		{3D62B1DE-FDF7-4CA7-B6EB-E7DC5D747955}.Debug|Any CPU.ActiveCfg = Debug|Any CPU
		{3D62B1DE-FDF7-4CA7-B6EB-E7DC5D747955}.Debug|Any CPU.Build.0 = Debug|Any CPU
		{3D62B1DE-FDF7-4CA7-B6EB-E7DC5D747955}.Release|Any CPU.ActiveCfg = Release|Any CPU
		{3D62B1DE-FDF7-4CA7-B6EB-E7DC5D747955}.Release|Any CPU.Build.0 = Release|Any CPU
		{76797B62-6BFB-4C73-B28D-B3A19ED985BD}.Debug|Any CPU.ActiveCfg = Debug|Any CPU
		{76797B62-6BFB-4C73-B28D-B3A19ED985BD}.Debug|Any CPU.Build.0 = Debug|Any CPU
		{76797B62-6BFB-4C73-B28D-B3A19ED985BD}.Release|Any CPU.ActiveCfg = Release|Any CPU
		{76797B62-6BFB-4C73-B28D-B3A19ED985BD}.Release|Any CPU.Build.0 = Release|Any CPU
		{753C09FC-51B5-4383-BFAB-D96E4EC2D9FB}.Debug|Any CPU.ActiveCfg = Debug|Any CPU
		{753C09FC-51B5-4383-BFAB-D96E4EC2D9FB}.Debug|Any CPU.Build.0 = Debug|Any CPU
		{753C09FC-51B5-4383-BFAB-D96E4EC2D9FB}.Release|Any CPU.ActiveCfg = Release|Any CPU
		{753C09FC-51B5-4383-BFAB-D96E4EC2D9FB}.Release|Any CPU.Build.0 = Release|Any CPU
		{D3027276-4455-45BE-85B7-A180F40DB859}.Debug|Any CPU.ActiveCfg = Debug|Any CPU
		{D3027276-4455-45BE-85B7-A180F40DB859}.Debug|Any CPU.Build.0 = Debug|Any CPU
		{D3027276-4455-45BE-85B7-A180F40DB859}.Release|Any CPU.ActiveCfg = Release|Any CPU
		{D3027276-4455-45BE-85B7-A180F40DB859}.Release|Any CPU.Build.0 = Release|Any CPU
		{6B456321-F061-4DA1-A488-1D7002EB6D5A}.Debug|Any CPU.ActiveCfg = Debug|Any CPU
		{6B456321-F061-4DA1-A488-1D7002EB6D5A}.Debug|Any CPU.Build.0 = Debug|Any CPU
		{6B456321-F061-4DA1-A488-1D7002EB6D5A}.Release|Any CPU.ActiveCfg = Release|Any CPU
		{6B456321-F061-4DA1-A488-1D7002EB6D5A}.Release|Any CPU.Build.0 = Release|Any CPU
		{1A46584B-1EA4-4C84-9887-5908D7762BC9}.Debug|Any CPU.ActiveCfg = Debug|Any CPU
		{1A46584B-1EA4-4C84-9887-5908D7762BC9}.Debug|Any CPU.Build.0 = Debug|Any CPU
		{1A46584B-1EA4-4C84-9887-5908D7762BC9}.Release|Any CPU.ActiveCfg = Release|Any CPU
		{1A46584B-1EA4-4C84-9887-5908D7762BC9}.Release|Any CPU.Build.0 = Release|Any CPU
		{A2BC6198-31CE-4EE2-B226-B4EFB23B0955}.Debug|Any CPU.ActiveCfg = Debug|Any CPU
		{A2BC6198-31CE-4EE2-B226-B4EFB23B0955}.Debug|Any CPU.Build.0 = Debug|Any CPU
		{A2BC6198-31CE-4EE2-B226-B4EFB23B0955}.Release|Any CPU.ActiveCfg = Release|Any CPU
		{A2BC6198-31CE-4EE2-B226-B4EFB23B0955}.Release|Any CPU.Build.0 = Release|Any CPU
		{F9257BD8-66E5-4830-8055-B6027F67615E}.Debug|Any CPU.ActiveCfg = Debug|Any CPU
		{F9257BD8-66E5-4830-8055-B6027F67615E}.Debug|Any CPU.Build.0 = Debug|Any CPU
		{F9257BD8-66E5-4830-8055-B6027F67615E}.Release|Any CPU.ActiveCfg = Release|Any CPU
		{F9257BD8-66E5-4830-8055-B6027F67615E}.Release|Any CPU.Build.0 = Release|Any CPU
		{B8C81362-99B6-4F1F-8C0A-C2C937B007C8}.Debug|Any CPU.ActiveCfg = Debug|Any CPU
		{B8C81362-99B6-4F1F-8C0A-C2C937B007C8}.Debug|Any CPU.Build.0 = Debug|Any CPU
		{B8C81362-99B6-4F1F-8C0A-C2C937B007C8}.Release|Any CPU.ActiveCfg = Release|Any CPU
		{B8C81362-99B6-4F1F-8C0A-C2C937B007C8}.Release|Any CPU.Build.0 = Release|Any CPU
	EndGlobalSection
	GlobalSection(SolutionProperties) = preSolution
		HideSolutionNode = FALSE
	EndGlobalSection
	GlobalSection(NestedProjects) = preSolution
		{AD81AD5B-837B-4AC3-B02A-68EE66536A96} = {97443349-A641-4E6B-AFFA-F9B3C8D40223}
		{35D3158B-2EA8-4F59-B1A3-50B6AF55AE8D} = {97443349-A641-4E6B-AFFA-F9B3C8D40223}
		{86099289-C62A-432E-84B0-F768C1D601FE} = {97443349-A641-4E6B-AFFA-F9B3C8D40223}
		{CC3BB61E-5D4E-453D-8F99-49ACA660BD50} = {97443349-A641-4E6B-AFFA-F9B3C8D40223}
		{B28A9767-D95D-4B21-A43A-BBDB278F7BA0} = {97443349-A641-4E6B-AFFA-F9B3C8D40223}
		{3D62B1DE-FDF7-4CA7-B6EB-E7DC5D747955} = {97443349-A641-4E6B-AFFA-F9B3C8D40223}
		{6B456321-F061-4DA1-A488-1D7002EB6D5A} = {17BDCA73-9E08-4163-935B-69384C17197D}
		{A2BC6198-31CE-4EE2-B226-B4EFB23B0955} = {97443349-A641-4E6B-AFFA-F9B3C8D40223}
		{F9257BD8-66E5-4830-8055-B6027F67615E} = {97443349-A641-4E6B-AFFA-F9B3C8D40223}
		{B8C81362-99B6-4F1F-8C0A-C2C937B007C8} = {97443349-A641-4E6B-AFFA-F9B3C8D40223}
	EndGlobalSection
	GlobalSection(ExtensibilityGlobals) = postSolution
		SolutionGuid = {E89E221B-2A33-4147-A20F-50FB7E2BD40E}
	EndGlobalSection
EndGlobal
