
Microsoft Visual Studio Solution File, Format Version 12.00
# Visual Studio Version 17
VisualStudioVersion = 17.1.32210.238
MinimumVisualStudioVersion = 10.0.40219.1
Project("{2150E333-8FDC-42A3-9474-1A3956D46DE8}") = "Solution Items", "Solution Items", "{DC01E590-855C-4D45-8763-38F78856F0CD}"
	ProjectSection(SolutionItems) = preProject
		.editorconfig = .editorconfig
	EndProjectSection
EndProject
Project("{2150E333-8FDC-42A3-9474-1A3956D46DE8}") = "ofWebApp", "ofWebApp", "{17BDCA73-9E08-4163-935B-69384C17197D}"
EndProject
Project("{2150E333-8FDC-42A3-9474-1A3956D46DE8}") = "ofWebAPIServer", "ofWebAPIServer", "{97443349-A641-4E6B-AFFA-F9B3C8D40223}"
EndProject
Project("{9A19103F-16F7-4668-BE54-9A1E7A4F7556}") = "GOCServer", "Server\GOCServer\GOCServer.csproj", "{AD81AD5B-837B-4AC3-B02A-68EE66536A96}"
EndProject
Project("{9A19103F-16F7-4668-BE54-9A1E7A4F7556}") = "OCServer", "Server\OCServer\OCServer.csproj", "{35D3158B-2EA8-4F59-B1A3-50B6AF55AE8D}"
EndProject
Project("{9A19103F-16F7-4668-BE54-9A1E7A4F7556}") = "ProductServer", "Server\ProductServer\ProductServer.csproj", "{86099289-C62A-432E-84B0-F768C1D601FE}"
EndProject
Project("{9A19103F-16F7-4668-BE54-9A1E7A4F7556}") = "TradeServer", "Server\TradeServer\TradeServer.csproj", "{CC3BB61E-5D4E-453D-8F99-49ACA660BD50}"
EndProject
Project("{9A19103F-16F7-4668-BE54-9A1E7A4F7556}") = "WarehouseServer", "Server\WarehouseServer\WarehouseServer.csproj", "{B28A9767-D95D-4B21-A43A-BBDB278F7BA0}"
EndProject
Project("{9A19103F-16F7-4668-BE54-9A1E7A4F7556}") = "BusinessData", "BusinessData\BusinessData.csproj", "{76797B62-6BFB-4C73-B28D-B3A19ED985BD}"
EndProject
Project("{9A19103F-16F7-4668-BE54-9A1E7A4F7556}") = "BusinessLogic", "BusinessLogic\BusinessLogic.csproj", "{753C09FC-51B5-4383-BFAB-D96E4EC2D9FB}"
EndProject
Project("{9A19103F-16F7-4668-BE54-9A1E7A4F7556}") = "BusinessView", "BusinessView\BusinessView.csproj", "{D3027276-4455-45BE-85B7-A180F40DB859}"
EndProject
Project("{9A19103F-16F7-4668-BE54-9A1E7A4F7556}") = "BusinessRazor", "BusinessRazor\BusinessRazor.csproj", "{1A46584B-1EA4-4C84-9887-5908D7762BC9}"
EndProject
Project("{9A19103F-16F7-4668-BE54-9A1E7A4F7556}") = "JournalServer", "Server\JournalServer\JournalServer.csproj", "{EAD3FD0E-DC8E-44D4-BFD1-0630AF1D3D37}"
EndProject
Project("{9A19103F-16F7-4668-BE54-9A1E7A4F7556}") = "HRServer", "Server\HRServer\HRServer.csproj", "{7C8EB2FA-975E-4AAD-85A6-A0F4A9E4E5F8}"
EndProject
Project("{2150E333-8FDC-42A3-9474-1A3956D46DE8}") = "ofEmployee", "ofEmployee", "{AE632BDD-57D5-49D6-A1E3-9312353DC951}"
EndProject
Project("{2150E333-8FDC-42A3-9474-1A3956D46DE8}") = "ofEmployer", "ofEmployer", "{774D8D1A-EA67-4B4C-9643-DAED62ACA0F4}"
EndProject
Project("{9A19103F-16F7-4668-BE54-9A1E7A4F7556}") = "EmployerLogisterWebApp", "WebApp\ofEmployer\EmployerLogisterWebApp\EmployerLogisterWebApp.csproj", "{18BC0F68-18C4-4EE0-BF4B-82CA76A16AD8}"
EndProject
Project("{9A19103F-16F7-4668-BE54-9A1E7A4F7556}") = "IdentityServer", "IdentityServer\IdentityServer.csproj", "{93ED5D82-E863-4151-B83C-21FEB59888FD}"
EndProject
Project("{2150E333-8FDC-42A3-9474-1A3956D46DE8}") = "ofBlazorMAUI", "ofBlazorMAUI", "{747711DD-06C3-40D3-83DF-DC349C173DAC}"
EndProject
Project("{9A19103F-16F7-4668-BE54-9A1E7A4F7556}") = "EmployeeRazor", "EmployeeRazor\EmployeeRazor.csproj", "{C59A7BDE-E75B-486A-A6D6-B20A9C650350}"
EndProject
Project("{9A19103F-16F7-4668-BE54-9A1E7A4F7556}") = "EmployerRazor", "EmployerRazor\EmployerRazor.csproj", "{287EAB90-CDCA-4075-A910-738AF676D19E}"
EndProject
Project("{9A19103F-16F7-4668-BE54-9A1E7A4F7556}") = "PlatformRazor", "PlatformRazor\PlatformRazor.csproj", "{6223A334-1474-4EC3-A8A0-44350E00AE4B}"
EndProject
Project("{2150E333-8FDC-42A3-9474-1A3956D46DE8}") = "ofEmployer", "ofEmployer", "{E8CA336F-11AD-4501-9059-749B94D84F9D}"
EndProject
Project("{2150E333-8FDC-42A3-9474-1A3956D46DE8}") = "ofEmployee", "ofEmployee", "{F4DB8B9D-D238-49F7-8139-46D479062769}"
EndProject
Project("{2150E333-8FDC-42A3-9474-1A3956D46DE8}") = "ofPlatform", "ofPlatform", "{AC0D9CC4-51BB-4C89-9716-5201234542EF}"
EndProject
Project("{9A19103F-16F7-4668-BE54-9A1E7A4F7556}") = "EmployerLogisterApp", "EmployerLogisterApp\EmployerLogisterApp.csproj", "{BC376F97-84E8-4127-8DE7-526582A22EBA}"
EndProject
Project("{9A19103F-16F7-4668-BE54-9A1E7A4F7556}") = "EmployerForwarderApp", "EmployerForwarderApp\EmployerForwarderApp.csproj", "{19EA5A50-A015-47DE-9DF7-8BBF284AAD78}"
EndProject
Project("{9A19103F-16F7-4668-BE54-9A1E7A4F7556}") = "EmployerProducterApp", "EmployerProducterApp\EmployerProducterApp.csproj", "{404C689F-5781-4FD2-8CB5-4D4F0949BF9E}"
EndProject
Project("{9A19103F-16F7-4668-BE54-9A1E7A4F7556}") = "EmployerMarketerApp", "EmployerMarketerApp\EmployerMarketerApp.csproj", "{567385B4-189B-4116-9C6E-1630EDB18376}"
EndProject
Project("{9A19103F-16F7-4668-BE54-9A1E7A4F7556}") = "EmployerOrdererApp", "EmployerOrdererApp\EmployerOrdererApp.csproj", "{37F29F2C-3B2B-4E1F-AF54-E041B88CD625}"
EndProject
Project("{2150E333-8FDC-42A3-9474-1A3956D46DE8}") = "ofPlatform", "ofPlatform", "{0FFD5575-DBA8-458E-A9E6-751BD87D24FF}"
EndProject
Project("{9A19103F-16F7-4668-BE54-9A1E7A4F7556}") = "PlatformLogisterApp", "PlatformLogisterApp\PlatformLogisterApp.csproj", "{0D7EC6DA-1F56-40AF-B70A-0336CE12C72D}"
EndProject
Global
	GlobalSection(SolutionConfigurationPlatforms) = preSolution
		Debug|Any CPU = Debug|Any CPU
		Debug|iPhone = Debug|iPhone
		Debug|iPhoneSimulator = Debug|iPhoneSimulator
		Debug|x64 = Debug|x64
		Debug|x86 = Debug|x86
		Release|Any CPU = Release|Any CPU
		Release|iPhone = Release|iPhone
		Release|iPhoneSimulator = Release|iPhoneSimulator
		Release|x64 = Release|x64
		Release|x86 = Release|x86
	EndGlobalSection
	GlobalSection(ProjectConfigurationPlatforms) = postSolution
		{AD81AD5B-837B-4AC3-B02A-68EE66536A96}.Debug|Any CPU.ActiveCfg = Debug|Any CPU
		{AD81AD5B-837B-4AC3-B02A-68EE66536A96}.Debug|Any CPU.Build.0 = Debug|Any CPU
		{AD81AD5B-837B-4AC3-B02A-68EE66536A96}.Debug|iPhone.ActiveCfg = Debug|Any CPU
		{AD81AD5B-837B-4AC3-B02A-68EE66536A96}.Debug|iPhone.Build.0 = Debug|Any CPU
		{AD81AD5B-837B-4AC3-B02A-68EE66536A96}.Debug|iPhoneSimulator.ActiveCfg = Debug|Any CPU
		{AD81AD5B-837B-4AC3-B02A-68EE66536A96}.Debug|iPhoneSimulator.Build.0 = Debug|Any CPU
		{AD81AD5B-837B-4AC3-B02A-68EE66536A96}.Debug|x64.ActiveCfg = Debug|Any CPU
		{AD81AD5B-837B-4AC3-B02A-68EE66536A96}.Debug|x64.Build.0 = Debug|Any CPU
		{AD81AD5B-837B-4AC3-B02A-68EE66536A96}.Debug|x86.ActiveCfg = Debug|Any CPU
		{AD81AD5B-837B-4AC3-B02A-68EE66536A96}.Debug|x86.Build.0 = Debug|Any CPU
		{AD81AD5B-837B-4AC3-B02A-68EE66536A96}.Release|Any CPU.ActiveCfg = Release|Any CPU
		{AD81AD5B-837B-4AC3-B02A-68EE66536A96}.Release|Any CPU.Build.0 = Release|Any CPU
		{AD81AD5B-837B-4AC3-B02A-68EE66536A96}.Release|iPhone.ActiveCfg = Release|Any CPU
		{AD81AD5B-837B-4AC3-B02A-68EE66536A96}.Release|iPhone.Build.0 = Release|Any CPU
		{AD81AD5B-837B-4AC3-B02A-68EE66536A96}.Release|iPhoneSimulator.ActiveCfg = Release|Any CPU
		{AD81AD5B-837B-4AC3-B02A-68EE66536A96}.Release|iPhoneSimulator.Build.0 = Release|Any CPU
		{AD81AD5B-837B-4AC3-B02A-68EE66536A96}.Release|x64.ActiveCfg = Release|Any CPU
		{AD81AD5B-837B-4AC3-B02A-68EE66536A96}.Release|x64.Build.0 = Release|Any CPU
		{AD81AD5B-837B-4AC3-B02A-68EE66536A96}.Release|x86.ActiveCfg = Release|Any CPU
		{AD81AD5B-837B-4AC3-B02A-68EE66536A96}.Release|x86.Build.0 = Release|Any CPU
		{35D3158B-2EA8-4F59-B1A3-50B6AF55AE8D}.Debug|Any CPU.ActiveCfg = Debug|Any CPU
		{35D3158B-2EA8-4F59-B1A3-50B6AF55AE8D}.Debug|Any CPU.Build.0 = Debug|Any CPU
		{35D3158B-2EA8-4F59-B1A3-50B6AF55AE8D}.Debug|iPhone.ActiveCfg = Debug|Any CPU
		{35D3158B-2EA8-4F59-B1A3-50B6AF55AE8D}.Debug|iPhone.Build.0 = Debug|Any CPU
		{35D3158B-2EA8-4F59-B1A3-50B6AF55AE8D}.Debug|iPhoneSimulator.ActiveCfg = Debug|Any CPU
		{35D3158B-2EA8-4F59-B1A3-50B6AF55AE8D}.Debug|iPhoneSimulator.Build.0 = Debug|Any CPU
		{35D3158B-2EA8-4F59-B1A3-50B6AF55AE8D}.Debug|x64.ActiveCfg = Debug|Any CPU
		{35D3158B-2EA8-4F59-B1A3-50B6AF55AE8D}.Debug|x64.Build.0 = Debug|Any CPU
		{35D3158B-2EA8-4F59-B1A3-50B6AF55AE8D}.Debug|x86.ActiveCfg = Debug|Any CPU
		{35D3158B-2EA8-4F59-B1A3-50B6AF55AE8D}.Debug|x86.Build.0 = Debug|Any CPU
		{35D3158B-2EA8-4F59-B1A3-50B6AF55AE8D}.Release|Any CPU.ActiveCfg = Release|Any CPU
		{35D3158B-2EA8-4F59-B1A3-50B6AF55AE8D}.Release|Any CPU.Build.0 = Release|Any CPU
		{35D3158B-2EA8-4F59-B1A3-50B6AF55AE8D}.Release|iPhone.ActiveCfg = Release|Any CPU
		{35D3158B-2EA8-4F59-B1A3-50B6AF55AE8D}.Release|iPhone.Build.0 = Release|Any CPU
		{35D3158B-2EA8-4F59-B1A3-50B6AF55AE8D}.Release|iPhoneSimulator.ActiveCfg = Release|Any CPU
		{35D3158B-2EA8-4F59-B1A3-50B6AF55AE8D}.Release|iPhoneSimulator.Build.0 = Release|Any CPU
		{35D3158B-2EA8-4F59-B1A3-50B6AF55AE8D}.Release|x64.ActiveCfg = Release|Any CPU
		{35D3158B-2EA8-4F59-B1A3-50B6AF55AE8D}.Release|x64.Build.0 = Release|Any CPU
		{35D3158B-2EA8-4F59-B1A3-50B6AF55AE8D}.Release|x86.ActiveCfg = Release|Any CPU
		{35D3158B-2EA8-4F59-B1A3-50B6AF55AE8D}.Release|x86.Build.0 = Release|Any CPU
		{86099289-C62A-432E-84B0-F768C1D601FE}.Debug|Any CPU.ActiveCfg = Debug|Any CPU
		{86099289-C62A-432E-84B0-F768C1D601FE}.Debug|Any CPU.Build.0 = Debug|Any CPU
		{86099289-C62A-432E-84B0-F768C1D601FE}.Debug|iPhone.ActiveCfg = Debug|Any CPU
		{86099289-C62A-432E-84B0-F768C1D601FE}.Debug|iPhone.Build.0 = Debug|Any CPU
		{86099289-C62A-432E-84B0-F768C1D601FE}.Debug|iPhoneSimulator.ActiveCfg = Debug|Any CPU
		{86099289-C62A-432E-84B0-F768C1D601FE}.Debug|iPhoneSimulator.Build.0 = Debug|Any CPU
		{86099289-C62A-432E-84B0-F768C1D601FE}.Debug|x64.ActiveCfg = Debug|Any CPU
		{86099289-C62A-432E-84B0-F768C1D601FE}.Debug|x64.Build.0 = Debug|Any CPU
		{86099289-C62A-432E-84B0-F768C1D601FE}.Debug|x86.ActiveCfg = Debug|Any CPU
		{86099289-C62A-432E-84B0-F768C1D601FE}.Debug|x86.Build.0 = Debug|Any CPU
		{86099289-C62A-432E-84B0-F768C1D601FE}.Release|Any CPU.ActiveCfg = Release|Any CPU
		{86099289-C62A-432E-84B0-F768C1D601FE}.Release|Any CPU.Build.0 = Release|Any CPU
		{86099289-C62A-432E-84B0-F768C1D601FE}.Release|iPhone.ActiveCfg = Release|Any CPU
		{86099289-C62A-432E-84B0-F768C1D601FE}.Release|iPhone.Build.0 = Release|Any CPU
		{86099289-C62A-432E-84B0-F768C1D601FE}.Release|iPhoneSimulator.ActiveCfg = Release|Any CPU
		{86099289-C62A-432E-84B0-F768C1D601FE}.Release|iPhoneSimulator.Build.0 = Release|Any CPU
		{86099289-C62A-432E-84B0-F768C1D601FE}.Release|x64.ActiveCfg = Release|Any CPU
		{86099289-C62A-432E-84B0-F768C1D601FE}.Release|x64.Build.0 = Release|Any CPU
		{86099289-C62A-432E-84B0-F768C1D601FE}.Release|x86.ActiveCfg = Release|Any CPU
		{86099289-C62A-432E-84B0-F768C1D601FE}.Release|x86.Build.0 = Release|Any CPU
		{CC3BB61E-5D4E-453D-8F99-49ACA660BD50}.Debug|Any CPU.ActiveCfg = Debug|Any CPU
		{CC3BB61E-5D4E-453D-8F99-49ACA660BD50}.Debug|Any CPU.Build.0 = Debug|Any CPU
		{CC3BB61E-5D4E-453D-8F99-49ACA660BD50}.Debug|iPhone.ActiveCfg = Debug|Any CPU
		{CC3BB61E-5D4E-453D-8F99-49ACA660BD50}.Debug|iPhone.Build.0 = Debug|Any CPU
		{CC3BB61E-5D4E-453D-8F99-49ACA660BD50}.Debug|iPhoneSimulator.ActiveCfg = Debug|Any CPU
		{CC3BB61E-5D4E-453D-8F99-49ACA660BD50}.Debug|iPhoneSimulator.Build.0 = Debug|Any CPU
		{CC3BB61E-5D4E-453D-8F99-49ACA660BD50}.Debug|x64.ActiveCfg = Debug|Any CPU
		{CC3BB61E-5D4E-453D-8F99-49ACA660BD50}.Debug|x64.Build.0 = Debug|Any CPU
		{CC3BB61E-5D4E-453D-8F99-49ACA660BD50}.Debug|x86.ActiveCfg = Debug|Any CPU
		{CC3BB61E-5D4E-453D-8F99-49ACA660BD50}.Debug|x86.Build.0 = Debug|Any CPU
		{CC3BB61E-5D4E-453D-8F99-49ACA660BD50}.Release|Any CPU.ActiveCfg = Release|Any CPU
		{CC3BB61E-5D4E-453D-8F99-49ACA660BD50}.Release|Any CPU.Build.0 = Release|Any CPU
		{CC3BB61E-5D4E-453D-8F99-49ACA660BD50}.Release|iPhone.ActiveCfg = Release|Any CPU
		{CC3BB61E-5D4E-453D-8F99-49ACA660BD50}.Release|iPhone.Build.0 = Release|Any CPU
		{CC3BB61E-5D4E-453D-8F99-49ACA660BD50}.Release|iPhoneSimulator.ActiveCfg = Release|Any CPU
		{CC3BB61E-5D4E-453D-8F99-49ACA660BD50}.Release|iPhoneSimulator.Build.0 = Release|Any CPU
		{CC3BB61E-5D4E-453D-8F99-49ACA660BD50}.Release|x64.ActiveCfg = Release|Any CPU
		{CC3BB61E-5D4E-453D-8F99-49ACA660BD50}.Release|x64.Build.0 = Release|Any CPU
		{CC3BB61E-5D4E-453D-8F99-49ACA660BD50}.Release|x86.ActiveCfg = Release|Any CPU
		{CC3BB61E-5D4E-453D-8F99-49ACA660BD50}.Release|x86.Build.0 = Release|Any CPU
		{B28A9767-D95D-4B21-A43A-BBDB278F7BA0}.Debug|Any CPU.ActiveCfg = Debug|Any CPU
		{B28A9767-D95D-4B21-A43A-BBDB278F7BA0}.Debug|Any CPU.Build.0 = Debug|Any CPU
		{B28A9767-D95D-4B21-A43A-BBDB278F7BA0}.Debug|iPhone.ActiveCfg = Debug|Any CPU
		{B28A9767-D95D-4B21-A43A-BBDB278F7BA0}.Debug|iPhone.Build.0 = Debug|Any CPU
		{B28A9767-D95D-4B21-A43A-BBDB278F7BA0}.Debug|iPhoneSimulator.ActiveCfg = Debug|Any CPU
		{B28A9767-D95D-4B21-A43A-BBDB278F7BA0}.Debug|iPhoneSimulator.Build.0 = Debug|Any CPU
		{B28A9767-D95D-4B21-A43A-BBDB278F7BA0}.Debug|x64.ActiveCfg = Debug|Any CPU
		{B28A9767-D95D-4B21-A43A-BBDB278F7BA0}.Debug|x64.Build.0 = Debug|Any CPU
		{B28A9767-D95D-4B21-A43A-BBDB278F7BA0}.Debug|x86.ActiveCfg = Debug|Any CPU
		{B28A9767-D95D-4B21-A43A-BBDB278F7BA0}.Debug|x86.Build.0 = Debug|Any CPU
		{B28A9767-D95D-4B21-A43A-BBDB278F7BA0}.Release|Any CPU.ActiveCfg = Release|Any CPU
		{B28A9767-D95D-4B21-A43A-BBDB278F7BA0}.Release|Any CPU.Build.0 = Release|Any CPU
		{B28A9767-D95D-4B21-A43A-BBDB278F7BA0}.Release|iPhone.ActiveCfg = Release|Any CPU
		{B28A9767-D95D-4B21-A43A-BBDB278F7BA0}.Release|iPhone.Build.0 = Release|Any CPU
		{B28A9767-D95D-4B21-A43A-BBDB278F7BA0}.Release|iPhoneSimulator.ActiveCfg = Release|Any CPU
		{B28A9767-D95D-4B21-A43A-BBDB278F7BA0}.Release|iPhoneSimulator.Build.0 = Release|Any CPU
		{B28A9767-D95D-4B21-A43A-BBDB278F7BA0}.Release|x64.ActiveCfg = Release|Any CPU
		{B28A9767-D95D-4B21-A43A-BBDB278F7BA0}.Release|x64.Build.0 = Release|Any CPU
		{B28A9767-D95D-4B21-A43A-BBDB278F7BA0}.Release|x86.ActiveCfg = Release|Any CPU
		{B28A9767-D95D-4B21-A43A-BBDB278F7BA0}.Release|x86.Build.0 = Release|Any CPU
		{76797B62-6BFB-4C73-B28D-B3A19ED985BD}.Debug|Any CPU.ActiveCfg = Debug|Any CPU
		{76797B62-6BFB-4C73-B28D-B3A19ED985BD}.Debug|Any CPU.Build.0 = Debug|Any CPU
		{76797B62-6BFB-4C73-B28D-B3A19ED985BD}.Debug|iPhone.ActiveCfg = Debug|Any CPU
		{76797B62-6BFB-4C73-B28D-B3A19ED985BD}.Debug|iPhone.Build.0 = Debug|Any CPU
		{76797B62-6BFB-4C73-B28D-B3A19ED985BD}.Debug|iPhoneSimulator.ActiveCfg = Debug|Any CPU
		{76797B62-6BFB-4C73-B28D-B3A19ED985BD}.Debug|iPhoneSimulator.Build.0 = Debug|Any CPU
		{76797B62-6BFB-4C73-B28D-B3A19ED985BD}.Debug|x64.ActiveCfg = Debug|Any CPU
		{76797B62-6BFB-4C73-B28D-B3A19ED985BD}.Debug|x64.Build.0 = Debug|Any CPU
		{76797B62-6BFB-4C73-B28D-B3A19ED985BD}.Debug|x86.ActiveCfg = Debug|Any CPU
		{76797B62-6BFB-4C73-B28D-B3A19ED985BD}.Debug|x86.Build.0 = Debug|Any CPU
		{76797B62-6BFB-4C73-B28D-B3A19ED985BD}.Release|Any CPU.ActiveCfg = Release|Any CPU
		{76797B62-6BFB-4C73-B28D-B3A19ED985BD}.Release|Any CPU.Build.0 = Release|Any CPU
		{76797B62-6BFB-4C73-B28D-B3A19ED985BD}.Release|iPhone.ActiveCfg = Release|Any CPU
		{76797B62-6BFB-4C73-B28D-B3A19ED985BD}.Release|iPhone.Build.0 = Release|Any CPU
		{76797B62-6BFB-4C73-B28D-B3A19ED985BD}.Release|iPhoneSimulator.ActiveCfg = Release|Any CPU
		{76797B62-6BFB-4C73-B28D-B3A19ED985BD}.Release|iPhoneSimulator.Build.0 = Release|Any CPU
		{76797B62-6BFB-4C73-B28D-B3A19ED985BD}.Release|x64.ActiveCfg = Release|Any CPU
		{76797B62-6BFB-4C73-B28D-B3A19ED985BD}.Release|x64.Build.0 = Release|Any CPU
		{76797B62-6BFB-4C73-B28D-B3A19ED985BD}.Release|x86.ActiveCfg = Release|Any CPU
		{76797B62-6BFB-4C73-B28D-B3A19ED985BD}.Release|x86.Build.0 = Release|Any CPU
		{753C09FC-51B5-4383-BFAB-D96E4EC2D9FB}.Debug|Any CPU.ActiveCfg = Debug|Any CPU
		{753C09FC-51B5-4383-BFAB-D96E4EC2D9FB}.Debug|Any CPU.Build.0 = Debug|Any CPU
		{753C09FC-51B5-4383-BFAB-D96E4EC2D9FB}.Debug|iPhone.ActiveCfg = Debug|Any CPU
		{753C09FC-51B5-4383-BFAB-D96E4EC2D9FB}.Debug|iPhone.Build.0 = Debug|Any CPU
		{753C09FC-51B5-4383-BFAB-D96E4EC2D9FB}.Debug|iPhoneSimulator.ActiveCfg = Debug|Any CPU
		{753C09FC-51B5-4383-BFAB-D96E4EC2D9FB}.Debug|iPhoneSimulator.Build.0 = Debug|Any CPU
		{753C09FC-51B5-4383-BFAB-D96E4EC2D9FB}.Debug|x64.ActiveCfg = Debug|Any CPU
		{753C09FC-51B5-4383-BFAB-D96E4EC2D9FB}.Debug|x64.Build.0 = Debug|Any CPU
		{753C09FC-51B5-4383-BFAB-D96E4EC2D9FB}.Debug|x86.ActiveCfg = Debug|Any CPU
		{753C09FC-51B5-4383-BFAB-D96E4EC2D9FB}.Debug|x86.Build.0 = Debug|Any CPU
		{753C09FC-51B5-4383-BFAB-D96E4EC2D9FB}.Release|Any CPU.ActiveCfg = Release|Any CPU
		{753C09FC-51B5-4383-BFAB-D96E4EC2D9FB}.Release|Any CPU.Build.0 = Release|Any CPU
		{753C09FC-51B5-4383-BFAB-D96E4EC2D9FB}.Release|iPhone.ActiveCfg = Release|Any CPU
		{753C09FC-51B5-4383-BFAB-D96E4EC2D9FB}.Release|iPhone.Build.0 = Release|Any CPU
		{753C09FC-51B5-4383-BFAB-D96E4EC2D9FB}.Release|iPhoneSimulator.ActiveCfg = Release|Any CPU
		{753C09FC-51B5-4383-BFAB-D96E4EC2D9FB}.Release|iPhoneSimulator.Build.0 = Release|Any CPU
		{753C09FC-51B5-4383-BFAB-D96E4EC2D9FB}.Release|x64.ActiveCfg = Release|Any CPU
		{753C09FC-51B5-4383-BFAB-D96E4EC2D9FB}.Release|x64.Build.0 = Release|Any CPU
		{753C09FC-51B5-4383-BFAB-D96E4EC2D9FB}.Release|x86.ActiveCfg = Release|Any CPU
		{753C09FC-51B5-4383-BFAB-D96E4EC2D9FB}.Release|x86.Build.0 = Release|Any CPU
		{D3027276-4455-45BE-85B7-A180F40DB859}.Debug|Any CPU.ActiveCfg = Debug|Any CPU
		{D3027276-4455-45BE-85B7-A180F40DB859}.Debug|Any CPU.Build.0 = Debug|Any CPU
		{D3027276-4455-45BE-85B7-A180F40DB859}.Debug|iPhone.ActiveCfg = Debug|Any CPU
		{D3027276-4455-45BE-85B7-A180F40DB859}.Debug|iPhone.Build.0 = Debug|Any CPU
		{D3027276-4455-45BE-85B7-A180F40DB859}.Debug|iPhoneSimulator.ActiveCfg = Debug|Any CPU
		{D3027276-4455-45BE-85B7-A180F40DB859}.Debug|iPhoneSimulator.Build.0 = Debug|Any CPU
		{D3027276-4455-45BE-85B7-A180F40DB859}.Debug|x64.ActiveCfg = Debug|Any CPU
		{D3027276-4455-45BE-85B7-A180F40DB859}.Debug|x64.Build.0 = Debug|Any CPU
		{D3027276-4455-45BE-85B7-A180F40DB859}.Debug|x86.ActiveCfg = Debug|Any CPU
		{D3027276-4455-45BE-85B7-A180F40DB859}.Debug|x86.Build.0 = Debug|Any CPU
		{D3027276-4455-45BE-85B7-A180F40DB859}.Release|Any CPU.ActiveCfg = Release|Any CPU
		{D3027276-4455-45BE-85B7-A180F40DB859}.Release|Any CPU.Build.0 = Release|Any CPU
		{D3027276-4455-45BE-85B7-A180F40DB859}.Release|iPhone.ActiveCfg = Release|Any CPU
		{D3027276-4455-45BE-85B7-A180F40DB859}.Release|iPhone.Build.0 = Release|Any CPU
		{D3027276-4455-45BE-85B7-A180F40DB859}.Release|iPhoneSimulator.ActiveCfg = Release|Any CPU
		{D3027276-4455-45BE-85B7-A180F40DB859}.Release|iPhoneSimulator.Build.0 = Release|Any CPU
		{D3027276-4455-45BE-85B7-A180F40DB859}.Release|x64.ActiveCfg = Release|Any CPU
		{D3027276-4455-45BE-85B7-A180F40DB859}.Release|x64.Build.0 = Release|Any CPU
		{D3027276-4455-45BE-85B7-A180F40DB859}.Release|x86.ActiveCfg = Release|Any CPU
		{D3027276-4455-45BE-85B7-A180F40DB859}.Release|x86.Build.0 = Release|Any CPU
		{1A46584B-1EA4-4C84-9887-5908D7762BC9}.Debug|Any CPU.ActiveCfg = Debug|Any CPU
		{1A46584B-1EA4-4C84-9887-5908D7762BC9}.Debug|Any CPU.Build.0 = Debug|Any CPU
		{1A46584B-1EA4-4C84-9887-5908D7762BC9}.Debug|iPhone.ActiveCfg = Debug|Any CPU
		{1A46584B-1EA4-4C84-9887-5908D7762BC9}.Debug|iPhone.Build.0 = Debug|Any CPU
		{1A46584B-1EA4-4C84-9887-5908D7762BC9}.Debug|iPhoneSimulator.ActiveCfg = Debug|Any CPU
		{1A46584B-1EA4-4C84-9887-5908D7762BC9}.Debug|iPhoneSimulator.Build.0 = Debug|Any CPU
		{1A46584B-1EA4-4C84-9887-5908D7762BC9}.Debug|x64.ActiveCfg = Debug|Any CPU
		{1A46584B-1EA4-4C84-9887-5908D7762BC9}.Debug|x64.Build.0 = Debug|Any CPU
		{1A46584B-1EA4-4C84-9887-5908D7762BC9}.Debug|x86.ActiveCfg = Debug|Any CPU
		{1A46584B-1EA4-4C84-9887-5908D7762BC9}.Debug|x86.Build.0 = Debug|Any CPU
		{1A46584B-1EA4-4C84-9887-5908D7762BC9}.Release|Any CPU.ActiveCfg = Release|Any CPU
		{1A46584B-1EA4-4C84-9887-5908D7762BC9}.Release|Any CPU.Build.0 = Release|Any CPU
		{1A46584B-1EA4-4C84-9887-5908D7762BC9}.Release|iPhone.ActiveCfg = Release|Any CPU
		{1A46584B-1EA4-4C84-9887-5908D7762BC9}.Release|iPhone.Build.0 = Release|Any CPU
		{1A46584B-1EA4-4C84-9887-5908D7762BC9}.Release|iPhoneSimulator.ActiveCfg = Release|Any CPU
		{1A46584B-1EA4-4C84-9887-5908D7762BC9}.Release|iPhoneSimulator.Build.0 = Release|Any CPU
		{1A46584B-1EA4-4C84-9887-5908D7762BC9}.Release|x64.ActiveCfg = Release|Any CPU
		{1A46584B-1EA4-4C84-9887-5908D7762BC9}.Release|x64.Build.0 = Release|Any CPU
		{1A46584B-1EA4-4C84-9887-5908D7762BC9}.Release|x86.ActiveCfg = Release|Any CPU
		{1A46584B-1EA4-4C84-9887-5908D7762BC9}.Release|x86.Build.0 = Release|Any CPU
		{EAD3FD0E-DC8E-44D4-BFD1-0630AF1D3D37}.Debug|Any CPU.ActiveCfg = Debug|Any CPU
		{EAD3FD0E-DC8E-44D4-BFD1-0630AF1D3D37}.Debug|Any CPU.Build.0 = Debug|Any CPU
		{EAD3FD0E-DC8E-44D4-BFD1-0630AF1D3D37}.Debug|iPhone.ActiveCfg = Debug|Any CPU
		{EAD3FD0E-DC8E-44D4-BFD1-0630AF1D3D37}.Debug|iPhone.Build.0 = Debug|Any CPU
		{EAD3FD0E-DC8E-44D4-BFD1-0630AF1D3D37}.Debug|iPhoneSimulator.ActiveCfg = Debug|Any CPU
		{EAD3FD0E-DC8E-44D4-BFD1-0630AF1D3D37}.Debug|iPhoneSimulator.Build.0 = Debug|Any CPU
		{EAD3FD0E-DC8E-44D4-BFD1-0630AF1D3D37}.Debug|x64.ActiveCfg = Debug|Any CPU
		{EAD3FD0E-DC8E-44D4-BFD1-0630AF1D3D37}.Debug|x64.Build.0 = Debug|Any CPU
		{EAD3FD0E-DC8E-44D4-BFD1-0630AF1D3D37}.Debug|x86.ActiveCfg = Debug|Any CPU
		{EAD3FD0E-DC8E-44D4-BFD1-0630AF1D3D37}.Debug|x86.Build.0 = Debug|Any CPU
		{EAD3FD0E-DC8E-44D4-BFD1-0630AF1D3D37}.Release|Any CPU.ActiveCfg = Release|Any CPU
		{EAD3FD0E-DC8E-44D4-BFD1-0630AF1D3D37}.Release|Any CPU.Build.0 = Release|Any CPU
		{EAD3FD0E-DC8E-44D4-BFD1-0630AF1D3D37}.Release|iPhone.ActiveCfg = Release|Any CPU
		{EAD3FD0E-DC8E-44D4-BFD1-0630AF1D3D37}.Release|iPhone.Build.0 = Release|Any CPU
		{EAD3FD0E-DC8E-44D4-BFD1-0630AF1D3D37}.Release|iPhoneSimulator.ActiveCfg = Release|Any CPU
		{EAD3FD0E-DC8E-44D4-BFD1-0630AF1D3D37}.Release|iPhoneSimulator.Build.0 = Release|Any CPU
		{EAD3FD0E-DC8E-44D4-BFD1-0630AF1D3D37}.Release|x64.ActiveCfg = Release|Any CPU
		{EAD3FD0E-DC8E-44D4-BFD1-0630AF1D3D37}.Release|x64.Build.0 = Release|Any CPU
		{EAD3FD0E-DC8E-44D4-BFD1-0630AF1D3D37}.Release|x86.ActiveCfg = Release|Any CPU
		{EAD3FD0E-DC8E-44D4-BFD1-0630AF1D3D37}.Release|x86.Build.0 = Release|Any CPU
		{7C8EB2FA-975E-4AAD-85A6-A0F4A9E4E5F8}.Debug|Any CPU.ActiveCfg = Debug|Any CPU
		{7C8EB2FA-975E-4AAD-85A6-A0F4A9E4E5F8}.Debug|Any CPU.Build.0 = Debug|Any CPU
		{7C8EB2FA-975E-4AAD-85A6-A0F4A9E4E5F8}.Debug|iPhone.ActiveCfg = Debug|Any CPU
		{7C8EB2FA-975E-4AAD-85A6-A0F4A9E4E5F8}.Debug|iPhone.Build.0 = Debug|Any CPU
		{7C8EB2FA-975E-4AAD-85A6-A0F4A9E4E5F8}.Debug|iPhoneSimulator.ActiveCfg = Debug|Any CPU
		{7C8EB2FA-975E-4AAD-85A6-A0F4A9E4E5F8}.Debug|iPhoneSimulator.Build.0 = Debug|Any CPU
		{7C8EB2FA-975E-4AAD-85A6-A0F4A9E4E5F8}.Debug|x64.ActiveCfg = Debug|Any CPU
		{7C8EB2FA-975E-4AAD-85A6-A0F4A9E4E5F8}.Debug|x64.Build.0 = Debug|Any CPU
		{7C8EB2FA-975E-4AAD-85A6-A0F4A9E4E5F8}.Debug|x86.ActiveCfg = Debug|Any CPU
		{7C8EB2FA-975E-4AAD-85A6-A0F4A9E4E5F8}.Debug|x86.Build.0 = Debug|Any CPU
		{7C8EB2FA-975E-4AAD-85A6-A0F4A9E4E5F8}.Release|Any CPU.ActiveCfg = Release|Any CPU
		{7C8EB2FA-975E-4AAD-85A6-A0F4A9E4E5F8}.Release|Any CPU.Build.0 = Release|Any CPU
		{7C8EB2FA-975E-4AAD-85A6-A0F4A9E4E5F8}.Release|iPhone.ActiveCfg = Release|Any CPU
		{7C8EB2FA-975E-4AAD-85A6-A0F4A9E4E5F8}.Release|iPhone.Build.0 = Release|Any CPU
		{7C8EB2FA-975E-4AAD-85A6-A0F4A9E4E5F8}.Release|iPhoneSimulator.ActiveCfg = Release|Any CPU
		{7C8EB2FA-975E-4AAD-85A6-A0F4A9E4E5F8}.Release|iPhoneSimulator.Build.0 = Release|Any CPU
		{7C8EB2FA-975E-4AAD-85A6-A0F4A9E4E5F8}.Release|x64.ActiveCfg = Release|Any CPU
		{7C8EB2FA-975E-4AAD-85A6-A0F4A9E4E5F8}.Release|x64.Build.0 = Release|Any CPU
		{7C8EB2FA-975E-4AAD-85A6-A0F4A9E4E5F8}.Release|x86.ActiveCfg = Release|Any CPU
		{7C8EB2FA-975E-4AAD-85A6-A0F4A9E4E5F8}.Release|x86.Build.0 = Release|Any CPU
		{18BC0F68-18C4-4EE0-BF4B-82CA76A16AD8}.Debug|Any CPU.ActiveCfg = Debug|Any CPU
		{18BC0F68-18C4-4EE0-BF4B-82CA76A16AD8}.Debug|Any CPU.Build.0 = Debug|Any CPU
		{18BC0F68-18C4-4EE0-BF4B-82CA76A16AD8}.Debug|iPhone.ActiveCfg = Debug|Any CPU
		{18BC0F68-18C4-4EE0-BF4B-82CA76A16AD8}.Debug|iPhone.Build.0 = Debug|Any CPU
		{18BC0F68-18C4-4EE0-BF4B-82CA76A16AD8}.Debug|iPhoneSimulator.ActiveCfg = Debug|Any CPU
		{18BC0F68-18C4-4EE0-BF4B-82CA76A16AD8}.Debug|iPhoneSimulator.Build.0 = Debug|Any CPU
		{18BC0F68-18C4-4EE0-BF4B-82CA76A16AD8}.Debug|x64.ActiveCfg = Debug|Any CPU
		{18BC0F68-18C4-4EE0-BF4B-82CA76A16AD8}.Debug|x64.Build.0 = Debug|Any CPU
		{18BC0F68-18C4-4EE0-BF4B-82CA76A16AD8}.Debug|x86.ActiveCfg = Debug|Any CPU
		{18BC0F68-18C4-4EE0-BF4B-82CA76A16AD8}.Debug|x86.Build.0 = Debug|Any CPU
		{18BC0F68-18C4-4EE0-BF4B-82CA76A16AD8}.Release|Any CPU.ActiveCfg = Release|Any CPU
		{18BC0F68-18C4-4EE0-BF4B-82CA76A16AD8}.Release|Any CPU.Build.0 = Release|Any CPU
		{18BC0F68-18C4-4EE0-BF4B-82CA76A16AD8}.Release|iPhone.ActiveCfg = Release|Any CPU
		{18BC0F68-18C4-4EE0-BF4B-82CA76A16AD8}.Release|iPhone.Build.0 = Release|Any CPU
		{18BC0F68-18C4-4EE0-BF4B-82CA76A16AD8}.Release|iPhoneSimulator.ActiveCfg = Release|Any CPU
		{18BC0F68-18C4-4EE0-BF4B-82CA76A16AD8}.Release|iPhoneSimulator.Build.0 = Release|Any CPU
		{18BC0F68-18C4-4EE0-BF4B-82CA76A16AD8}.Release|x64.ActiveCfg = Release|Any CPU
		{18BC0F68-18C4-4EE0-BF4B-82CA76A16AD8}.Release|x64.Build.0 = Release|Any CPU
		{18BC0F68-18C4-4EE0-BF4B-82CA76A16AD8}.Release|x86.ActiveCfg = Release|Any CPU
		{18BC0F68-18C4-4EE0-BF4B-82CA76A16AD8}.Release|x86.Build.0 = Release|Any CPU
		{93ED5D82-E863-4151-B83C-21FEB59888FD}.Debug|Any CPU.ActiveCfg = Debug|Any CPU
		{93ED5D82-E863-4151-B83C-21FEB59888FD}.Debug|Any CPU.Build.0 = Debug|Any CPU
		{93ED5D82-E863-4151-B83C-21FEB59888FD}.Debug|iPhone.ActiveCfg = Debug|Any CPU
		{93ED5D82-E863-4151-B83C-21FEB59888FD}.Debug|iPhone.Build.0 = Debug|Any CPU
		{93ED5D82-E863-4151-B83C-21FEB59888FD}.Debug|iPhoneSimulator.ActiveCfg = Debug|Any CPU
		{93ED5D82-E863-4151-B83C-21FEB59888FD}.Debug|iPhoneSimulator.Build.0 = Debug|Any CPU
		{93ED5D82-E863-4151-B83C-21FEB59888FD}.Debug|x64.ActiveCfg = Debug|Any CPU
		{93ED5D82-E863-4151-B83C-21FEB59888FD}.Debug|x64.Build.0 = Debug|Any CPU
		{93ED5D82-E863-4151-B83C-21FEB59888FD}.Debug|x86.ActiveCfg = Debug|Any CPU
		{93ED5D82-E863-4151-B83C-21FEB59888FD}.Debug|x86.Build.0 = Debug|Any CPU
		{93ED5D82-E863-4151-B83C-21FEB59888FD}.Release|Any CPU.ActiveCfg = Release|Any CPU
		{93ED5D82-E863-4151-B83C-21FEB59888FD}.Release|Any CPU.Build.0 = Release|Any CPU
		{93ED5D82-E863-4151-B83C-21FEB59888FD}.Release|iPhone.ActiveCfg = Release|Any CPU
		{93ED5D82-E863-4151-B83C-21FEB59888FD}.Release|iPhone.Build.0 = Release|Any CPU
		{93ED5D82-E863-4151-B83C-21FEB59888FD}.Release|iPhoneSimulator.ActiveCfg = Release|Any CPU
		{93ED5D82-E863-4151-B83C-21FEB59888FD}.Release|iPhoneSimulator.Build.0 = Release|Any CPU
		{93ED5D82-E863-4151-B83C-21FEB59888FD}.Release|x64.ActiveCfg = Release|Any CPU
		{93ED5D82-E863-4151-B83C-21FEB59888FD}.Release|x64.Build.0 = Release|Any CPU
		{93ED5D82-E863-4151-B83C-21FEB59888FD}.Release|x86.ActiveCfg = Release|Any CPU
		{93ED5D82-E863-4151-B83C-21FEB59888FD}.Release|x86.Build.0 = Release|Any CPU
		{C59A7BDE-E75B-486A-A6D6-B20A9C650350}.Debug|Any CPU.ActiveCfg = Debug|Any CPU
		{C59A7BDE-E75B-486A-A6D6-B20A9C650350}.Debug|Any CPU.Build.0 = Debug|Any CPU
		{C59A7BDE-E75B-486A-A6D6-B20A9C650350}.Debug|iPhone.ActiveCfg = Debug|Any CPU
		{C59A7BDE-E75B-486A-A6D6-B20A9C650350}.Debug|iPhone.Build.0 = Debug|Any CPU
		{C59A7BDE-E75B-486A-A6D6-B20A9C650350}.Debug|iPhoneSimulator.ActiveCfg = Debug|Any CPU
		{C59A7BDE-E75B-486A-A6D6-B20A9C650350}.Debug|iPhoneSimulator.Build.0 = Debug|Any CPU
		{C59A7BDE-E75B-486A-A6D6-B20A9C650350}.Debug|x64.ActiveCfg = Debug|Any CPU
		{C59A7BDE-E75B-486A-A6D6-B20A9C650350}.Debug|x64.Build.0 = Debug|Any CPU
		{C59A7BDE-E75B-486A-A6D6-B20A9C650350}.Debug|x86.ActiveCfg = Debug|Any CPU
		{C59A7BDE-E75B-486A-A6D6-B20A9C650350}.Debug|x86.Build.0 = Debug|Any CPU
		{C59A7BDE-E75B-486A-A6D6-B20A9C650350}.Release|Any CPU.ActiveCfg = Release|Any CPU
		{C59A7BDE-E75B-486A-A6D6-B20A9C650350}.Release|Any CPU.Build.0 = Release|Any CPU
		{C59A7BDE-E75B-486A-A6D6-B20A9C650350}.Release|iPhone.ActiveCfg = Release|Any CPU
		{C59A7BDE-E75B-486A-A6D6-B20A9C650350}.Release|iPhone.Build.0 = Release|Any CPU
		{C59A7BDE-E75B-486A-A6D6-B20A9C650350}.Release|iPhoneSimulator.ActiveCfg = Release|Any CPU
		{C59A7BDE-E75B-486A-A6D6-B20A9C650350}.Release|iPhoneSimulator.Build.0 = Release|Any CPU
		{C59A7BDE-E75B-486A-A6D6-B20A9C650350}.Release|x64.ActiveCfg = Release|Any CPU
		{C59A7BDE-E75B-486A-A6D6-B20A9C650350}.Release|x64.Build.0 = Release|Any CPU
		{C59A7BDE-E75B-486A-A6D6-B20A9C650350}.Release|x86.ActiveCfg = Release|Any CPU
		{C59A7BDE-E75B-486A-A6D6-B20A9C650350}.Release|x86.Build.0 = Release|Any CPU
		{287EAB90-CDCA-4075-A910-738AF676D19E}.Debug|Any CPU.ActiveCfg = Debug|Any CPU
		{287EAB90-CDCA-4075-A910-738AF676D19E}.Debug|Any CPU.Build.0 = Debug|Any CPU
		{287EAB90-CDCA-4075-A910-738AF676D19E}.Debug|iPhone.ActiveCfg = Debug|Any CPU
		{287EAB90-CDCA-4075-A910-738AF676D19E}.Debug|iPhone.Build.0 = Debug|Any CPU
		{287EAB90-CDCA-4075-A910-738AF676D19E}.Debug|iPhoneSimulator.ActiveCfg = Debug|Any CPU
		{287EAB90-CDCA-4075-A910-738AF676D19E}.Debug|iPhoneSimulator.Build.0 = Debug|Any CPU
		{287EAB90-CDCA-4075-A910-738AF676D19E}.Debug|x64.ActiveCfg = Debug|Any CPU
		{287EAB90-CDCA-4075-A910-738AF676D19E}.Debug|x64.Build.0 = Debug|Any CPU
		{287EAB90-CDCA-4075-A910-738AF676D19E}.Debug|x86.ActiveCfg = Debug|Any CPU
		{287EAB90-CDCA-4075-A910-738AF676D19E}.Debug|x86.Build.0 = Debug|Any CPU
		{287EAB90-CDCA-4075-A910-738AF676D19E}.Release|Any CPU.ActiveCfg = Release|Any CPU
		{287EAB90-CDCA-4075-A910-738AF676D19E}.Release|Any CPU.Build.0 = Release|Any CPU
		{287EAB90-CDCA-4075-A910-738AF676D19E}.Release|iPhone.ActiveCfg = Release|Any CPU
		{287EAB90-CDCA-4075-A910-738AF676D19E}.Release|iPhone.Build.0 = Release|Any CPU
		{287EAB90-CDCA-4075-A910-738AF676D19E}.Release|iPhoneSimulator.ActiveCfg = Release|Any CPU
		{287EAB90-CDCA-4075-A910-738AF676D19E}.Release|iPhoneSimulator.Build.0 = Release|Any CPU
		{287EAB90-CDCA-4075-A910-738AF676D19E}.Release|x64.ActiveCfg = Release|Any CPU
		{287EAB90-CDCA-4075-A910-738AF676D19E}.Release|x64.Build.0 = Release|Any CPU
		{287EAB90-CDCA-4075-A910-738AF676D19E}.Release|x86.ActiveCfg = Release|Any CPU
		{287EAB90-CDCA-4075-A910-738AF676D19E}.Release|x86.Build.0 = Release|Any CPU
		{6223A334-1474-4EC3-A8A0-44350E00AE4B}.Debug|Any CPU.ActiveCfg = Debug|Any CPU
		{6223A334-1474-4EC3-A8A0-44350E00AE4B}.Debug|Any CPU.Build.0 = Debug|Any CPU
		{6223A334-1474-4EC3-A8A0-44350E00AE4B}.Debug|iPhone.ActiveCfg = Debug|Any CPU
		{6223A334-1474-4EC3-A8A0-44350E00AE4B}.Debug|iPhone.Build.0 = Debug|Any CPU
		{6223A334-1474-4EC3-A8A0-44350E00AE4B}.Debug|iPhoneSimulator.ActiveCfg = Debug|Any CPU
		{6223A334-1474-4EC3-A8A0-44350E00AE4B}.Debug|iPhoneSimulator.Build.0 = Debug|Any CPU
		{6223A334-1474-4EC3-A8A0-44350E00AE4B}.Debug|x64.ActiveCfg = Debug|Any CPU
		{6223A334-1474-4EC3-A8A0-44350E00AE4B}.Debug|x64.Build.0 = Debug|Any CPU
		{6223A334-1474-4EC3-A8A0-44350E00AE4B}.Debug|x86.ActiveCfg = Debug|Any CPU
		{6223A334-1474-4EC3-A8A0-44350E00AE4B}.Debug|x86.Build.0 = Debug|Any CPU
		{6223A334-1474-4EC3-A8A0-44350E00AE4B}.Release|Any CPU.ActiveCfg = Release|Any CPU
		{6223A334-1474-4EC3-A8A0-44350E00AE4B}.Release|Any CPU.Build.0 = Release|Any CPU
		{6223A334-1474-4EC3-A8A0-44350E00AE4B}.Release|iPhone.ActiveCfg = Release|Any CPU
		{6223A334-1474-4EC3-A8A0-44350E00AE4B}.Release|iPhone.Build.0 = Release|Any CPU
		{6223A334-1474-4EC3-A8A0-44350E00AE4B}.Release|iPhoneSimulator.ActiveCfg = Release|Any CPU
		{6223A334-1474-4EC3-A8A0-44350E00AE4B}.Release|iPhoneSimulator.Build.0 = Release|Any CPU
		{6223A334-1474-4EC3-A8A0-44350E00AE4B}.Release|x64.ActiveCfg = Release|Any CPU
		{6223A334-1474-4EC3-A8A0-44350E00AE4B}.Release|x64.Build.0 = Release|Any CPU
		{6223A334-1474-4EC3-A8A0-44350E00AE4B}.Release|x86.ActiveCfg = Release|Any CPU
		{6223A334-1474-4EC3-A8A0-44350E00AE4B}.Release|x86.Build.0 = Release|Any CPU
		{BC376F97-84E8-4127-8DE7-526582A22EBA}.Debug|Any CPU.ActiveCfg = Debug|Any CPU
		{BC376F97-84E8-4127-8DE7-526582A22EBA}.Debug|Any CPU.Build.0 = Debug|Any CPU
		{BC376F97-84E8-4127-8DE7-526582A22EBA}.Debug|Any CPU.Deploy.0 = Debug|Any CPU
		{BC376F97-84E8-4127-8DE7-526582A22EBA}.Debug|iPhone.ActiveCfg = Debug|Any CPU
		{BC376F97-84E8-4127-8DE7-526582A22EBA}.Debug|iPhone.Build.0 = Debug|Any CPU
		{BC376F97-84E8-4127-8DE7-526582A22EBA}.Debug|iPhone.Deploy.0 = Debug|Any CPU
		{BC376F97-84E8-4127-8DE7-526582A22EBA}.Debug|iPhoneSimulator.ActiveCfg = Debug|Any CPU
		{BC376F97-84E8-4127-8DE7-526582A22EBA}.Debug|iPhoneSimulator.Build.0 = Debug|Any CPU
		{BC376F97-84E8-4127-8DE7-526582A22EBA}.Debug|iPhoneSimulator.Deploy.0 = Debug|Any CPU
		{BC376F97-84E8-4127-8DE7-526582A22EBA}.Debug|x64.ActiveCfg = Debug|Any CPU
		{BC376F97-84E8-4127-8DE7-526582A22EBA}.Debug|x64.Build.0 = Debug|Any CPU
		{BC376F97-84E8-4127-8DE7-526582A22EBA}.Debug|x64.Deploy.0 = Debug|Any CPU
		{BC376F97-84E8-4127-8DE7-526582A22EBA}.Debug|x86.ActiveCfg = Debug|Any CPU
		{BC376F97-84E8-4127-8DE7-526582A22EBA}.Debug|x86.Build.0 = Debug|Any CPU
		{BC376F97-84E8-4127-8DE7-526582A22EBA}.Debug|x86.Deploy.0 = Debug|Any CPU
		{BC376F97-84E8-4127-8DE7-526582A22EBA}.Release|Any CPU.ActiveCfg = Release|Any CPU
		{BC376F97-84E8-4127-8DE7-526582A22EBA}.Release|Any CPU.Build.0 = Release|Any CPU
		{BC376F97-84E8-4127-8DE7-526582A22EBA}.Release|Any CPU.Deploy.0 = Release|Any CPU
		{BC376F97-84E8-4127-8DE7-526582A22EBA}.Release|iPhone.ActiveCfg = Release|Any CPU
		{BC376F97-84E8-4127-8DE7-526582A22EBA}.Release|iPhone.Build.0 = Release|Any CPU
		{BC376F97-84E8-4127-8DE7-526582A22EBA}.Release|iPhone.Deploy.0 = Release|Any CPU
		{BC376F97-84E8-4127-8DE7-526582A22EBA}.Release|iPhoneSimulator.ActiveCfg = Release|Any CPU
		{BC376F97-84E8-4127-8DE7-526582A22EBA}.Release|iPhoneSimulator.Build.0 = Release|Any CPU
		{BC376F97-84E8-4127-8DE7-526582A22EBA}.Release|iPhoneSimulator.Deploy.0 = Release|Any CPU
		{BC376F97-84E8-4127-8DE7-526582A22EBA}.Release|x64.ActiveCfg = Release|Any CPU
		{BC376F97-84E8-4127-8DE7-526582A22EBA}.Release|x64.Build.0 = Release|Any CPU
		{BC376F97-84E8-4127-8DE7-526582A22EBA}.Release|x64.Deploy.0 = Release|Any CPU
		{BC376F97-84E8-4127-8DE7-526582A22EBA}.Release|x86.ActiveCfg = Release|Any CPU
		{BC376F97-84E8-4127-8DE7-526582A22EBA}.Release|x86.Build.0 = Release|Any CPU
		{BC376F97-84E8-4127-8DE7-526582A22EBA}.Release|x86.Deploy.0 = Release|Any CPU
		{19EA5A50-A015-47DE-9DF7-8BBF284AAD78}.Debug|Any CPU.ActiveCfg = Debug|Any CPU
		{19EA5A50-A015-47DE-9DF7-8BBF284AAD78}.Debug|Any CPU.Build.0 = Debug|Any CPU
		{19EA5A50-A015-47DE-9DF7-8BBF284AAD78}.Debug|Any CPU.Deploy.0 = Debug|Any CPU
		{19EA5A50-A015-47DE-9DF7-8BBF284AAD78}.Debug|iPhone.ActiveCfg = Debug|Any CPU
		{19EA5A50-A015-47DE-9DF7-8BBF284AAD78}.Debug|iPhone.Build.0 = Debug|Any CPU
		{19EA5A50-A015-47DE-9DF7-8BBF284AAD78}.Debug|iPhone.Deploy.0 = Debug|Any CPU
		{19EA5A50-A015-47DE-9DF7-8BBF284AAD78}.Debug|iPhoneSimulator.ActiveCfg = Debug|Any CPU
		{19EA5A50-A015-47DE-9DF7-8BBF284AAD78}.Debug|iPhoneSimulator.Build.0 = Debug|Any CPU
		{19EA5A50-A015-47DE-9DF7-8BBF284AAD78}.Debug|iPhoneSimulator.Deploy.0 = Debug|Any CPU
		{19EA5A50-A015-47DE-9DF7-8BBF284AAD78}.Debug|x64.ActiveCfg = Debug|Any CPU
		{19EA5A50-A015-47DE-9DF7-8BBF284AAD78}.Debug|x64.Build.0 = Debug|Any CPU
		{19EA5A50-A015-47DE-9DF7-8BBF284AAD78}.Debug|x64.Deploy.0 = Debug|Any CPU
		{19EA5A50-A015-47DE-9DF7-8BBF284AAD78}.Debug|x86.ActiveCfg = Debug|Any CPU
		{19EA5A50-A015-47DE-9DF7-8BBF284AAD78}.Debug|x86.Build.0 = Debug|Any CPU
		{19EA5A50-A015-47DE-9DF7-8BBF284AAD78}.Debug|x86.Deploy.0 = Debug|Any CPU
		{19EA5A50-A015-47DE-9DF7-8BBF284AAD78}.Release|Any CPU.ActiveCfg = Release|Any CPU
		{19EA5A50-A015-47DE-9DF7-8BBF284AAD78}.Release|Any CPU.Build.0 = Release|Any CPU
		{19EA5A50-A015-47DE-9DF7-8BBF284AAD78}.Release|Any CPU.Deploy.0 = Release|Any CPU
		{19EA5A50-A015-47DE-9DF7-8BBF284AAD78}.Release|iPhone.ActiveCfg = Release|Any CPU
		{19EA5A50-A015-47DE-9DF7-8BBF284AAD78}.Release|iPhone.Build.0 = Release|Any CPU
		{19EA5A50-A015-47DE-9DF7-8BBF284AAD78}.Release|iPhone.Deploy.0 = Release|Any CPU
		{19EA5A50-A015-47DE-9DF7-8BBF284AAD78}.Release|iPhoneSimulator.ActiveCfg = Release|Any CPU
		{19EA5A50-A015-47DE-9DF7-8BBF284AAD78}.Release|iPhoneSimulator.Build.0 = Release|Any CPU
		{19EA5A50-A015-47DE-9DF7-8BBF284AAD78}.Release|iPhoneSimulator.Deploy.0 = Release|Any CPU
		{19EA5A50-A015-47DE-9DF7-8BBF284AAD78}.Release|x64.ActiveCfg = Release|Any CPU
		{19EA5A50-A015-47DE-9DF7-8BBF284AAD78}.Release|x64.Build.0 = Release|Any CPU
		{19EA5A50-A015-47DE-9DF7-8BBF284AAD78}.Release|x64.Deploy.0 = Release|Any CPU
		{19EA5A50-A015-47DE-9DF7-8BBF284AAD78}.Release|x86.ActiveCfg = Release|Any CPU
		{19EA5A50-A015-47DE-9DF7-8BBF284AAD78}.Release|x86.Build.0 = Release|Any CPU
		{19EA5A50-A015-47DE-9DF7-8BBF284AAD78}.Release|x86.Deploy.0 = Release|Any CPU
		{404C689F-5781-4FD2-8CB5-4D4F0949BF9E}.Debug|Any CPU.ActiveCfg = Debug|Any CPU
		{404C689F-5781-4FD2-8CB5-4D4F0949BF9E}.Debug|Any CPU.Build.0 = Debug|Any CPU
		{404C689F-5781-4FD2-8CB5-4D4F0949BF9E}.Debug|Any CPU.Deploy.0 = Debug|Any CPU
		{404C689F-5781-4FD2-8CB5-4D4F0949BF9E}.Debug|iPhone.ActiveCfg = Debug|Any CPU
		{404C689F-5781-4FD2-8CB5-4D4F0949BF9E}.Debug|iPhone.Build.0 = Debug|Any CPU
		{404C689F-5781-4FD2-8CB5-4D4F0949BF9E}.Debug|iPhone.Deploy.0 = Debug|Any CPU
		{404C689F-5781-4FD2-8CB5-4D4F0949BF9E}.Debug|iPhoneSimulator.ActiveCfg = Debug|Any CPU
		{404C689F-5781-4FD2-8CB5-4D4F0949BF9E}.Debug|iPhoneSimulator.Build.0 = Debug|Any CPU
		{404C689F-5781-4FD2-8CB5-4D4F0949BF9E}.Debug|iPhoneSimulator.Deploy.0 = Debug|Any CPU
		{404C689F-5781-4FD2-8CB5-4D4F0949BF9E}.Debug|x64.ActiveCfg = Debug|Any CPU
		{404C689F-5781-4FD2-8CB5-4D4F0949BF9E}.Debug|x64.Build.0 = Debug|Any CPU
		{404C689F-5781-4FD2-8CB5-4D4F0949BF9E}.Debug|x64.Deploy.0 = Debug|Any CPU
		{404C689F-5781-4FD2-8CB5-4D4F0949BF9E}.Debug|x86.ActiveCfg = Debug|Any CPU
		{404C689F-5781-4FD2-8CB5-4D4F0949BF9E}.Debug|x86.Build.0 = Debug|Any CPU
		{404C689F-5781-4FD2-8CB5-4D4F0949BF9E}.Debug|x86.Deploy.0 = Debug|Any CPU
		{404C689F-5781-4FD2-8CB5-4D4F0949BF9E}.Release|Any CPU.ActiveCfg = Release|Any CPU
		{404C689F-5781-4FD2-8CB5-4D4F0949BF9E}.Release|Any CPU.Build.0 = Release|Any CPU
		{404C689F-5781-4FD2-8CB5-4D4F0949BF9E}.Release|Any CPU.Deploy.0 = Release|Any CPU
		{404C689F-5781-4FD2-8CB5-4D4F0949BF9E}.Release|iPhone.ActiveCfg = Release|Any CPU
		{404C689F-5781-4FD2-8CB5-4D4F0949BF9E}.Release|iPhone.Build.0 = Release|Any CPU
		{404C689F-5781-4FD2-8CB5-4D4F0949BF9E}.Release|iPhone.Deploy.0 = Release|Any CPU
		{404C689F-5781-4FD2-8CB5-4D4F0949BF9E}.Release|iPhoneSimulator.ActiveCfg = Release|Any CPU
		{404C689F-5781-4FD2-8CB5-4D4F0949BF9E}.Release|iPhoneSimulator.Build.0 = Release|Any CPU
		{404C689F-5781-4FD2-8CB5-4D4F0949BF9E}.Release|iPhoneSimulator.Deploy.0 = Release|Any CPU
		{404C689F-5781-4FD2-8CB5-4D4F0949BF9E}.Release|x64.ActiveCfg = Release|Any CPU
		{404C689F-5781-4FD2-8CB5-4D4F0949BF9E}.Release|x64.Build.0 = Release|Any CPU
		{404C689F-5781-4FD2-8CB5-4D4F0949BF9E}.Release|x64.Deploy.0 = Release|Any CPU
		{404C689F-5781-4FD2-8CB5-4D4F0949BF9E}.Release|x86.ActiveCfg = Release|Any CPU
		{404C689F-5781-4FD2-8CB5-4D4F0949BF9E}.Release|x86.Build.0 = Release|Any CPU
		{404C689F-5781-4FD2-8CB5-4D4F0949BF9E}.Release|x86.Deploy.0 = Release|Any CPU
		{567385B4-189B-4116-9C6E-1630EDB18376}.Debug|Any CPU.ActiveCfg = Debug|Any CPU
		{567385B4-189B-4116-9C6E-1630EDB18376}.Debug|Any CPU.Build.0 = Debug|Any CPU
		{567385B4-189B-4116-9C6E-1630EDB18376}.Debug|Any CPU.Deploy.0 = Debug|Any CPU
		{567385B4-189B-4116-9C6E-1630EDB18376}.Debug|iPhone.ActiveCfg = Debug|Any CPU
		{567385B4-189B-4116-9C6E-1630EDB18376}.Debug|iPhone.Build.0 = Debug|Any CPU
		{567385B4-189B-4116-9C6E-1630EDB18376}.Debug|iPhone.Deploy.0 = Debug|Any CPU
		{567385B4-189B-4116-9C6E-1630EDB18376}.Debug|iPhoneSimulator.ActiveCfg = Debug|Any CPU
		{567385B4-189B-4116-9C6E-1630EDB18376}.Debug|iPhoneSimulator.Build.0 = Debug|Any CPU
		{567385B4-189B-4116-9C6E-1630EDB18376}.Debug|iPhoneSimulator.Deploy.0 = Debug|Any CPU
		{567385B4-189B-4116-9C6E-1630EDB18376}.Debug|x64.ActiveCfg = Debug|Any CPU
		{567385B4-189B-4116-9C6E-1630EDB18376}.Debug|x64.Build.0 = Debug|Any CPU
		{567385B4-189B-4116-9C6E-1630EDB18376}.Debug|x64.Deploy.0 = Debug|Any CPU
		{567385B4-189B-4116-9C6E-1630EDB18376}.Debug|x86.ActiveCfg = Debug|Any CPU
		{567385B4-189B-4116-9C6E-1630EDB18376}.Debug|x86.Build.0 = Debug|Any CPU
		{567385B4-189B-4116-9C6E-1630EDB18376}.Debug|x86.Deploy.0 = Debug|Any CPU
		{567385B4-189B-4116-9C6E-1630EDB18376}.Release|Any CPU.ActiveCfg = Release|Any CPU
		{567385B4-189B-4116-9C6E-1630EDB18376}.Release|Any CPU.Build.0 = Release|Any CPU
		{567385B4-189B-4116-9C6E-1630EDB18376}.Release|Any CPU.Deploy.0 = Release|Any CPU
		{567385B4-189B-4116-9C6E-1630EDB18376}.Release|iPhone.ActiveCfg = Release|Any CPU
		{567385B4-189B-4116-9C6E-1630EDB18376}.Release|iPhone.Build.0 = Release|Any CPU
		{567385B4-189B-4116-9C6E-1630EDB18376}.Release|iPhone.Deploy.0 = Release|Any CPU
		{567385B4-189B-4116-9C6E-1630EDB18376}.Release|iPhoneSimulator.ActiveCfg = Release|Any CPU
		{567385B4-189B-4116-9C6E-1630EDB18376}.Release|iPhoneSimulator.Build.0 = Release|Any CPU
		{567385B4-189B-4116-9C6E-1630EDB18376}.Release|iPhoneSimulator.Deploy.0 = Release|Any CPU
		{567385B4-189B-4116-9C6E-1630EDB18376}.Release|x64.ActiveCfg = Release|Any CPU
		{567385B4-189B-4116-9C6E-1630EDB18376}.Release|x64.Build.0 = Release|Any CPU
		{567385B4-189B-4116-9C6E-1630EDB18376}.Release|x64.Deploy.0 = Release|Any CPU
		{567385B4-189B-4116-9C6E-1630EDB18376}.Release|x86.ActiveCfg = Release|Any CPU
		{567385B4-189B-4116-9C6E-1630EDB18376}.Release|x86.Build.0 = Release|Any CPU
		{567385B4-189B-4116-9C6E-1630EDB18376}.Release|x86.Deploy.0 = Release|Any CPU
		{37F29F2C-3B2B-4E1F-AF54-E041B88CD625}.Debug|Any CPU.ActiveCfg = Debug|Any CPU
		{37F29F2C-3B2B-4E1F-AF54-E041B88CD625}.Debug|Any CPU.Build.0 = Debug|Any CPU
		{37F29F2C-3B2B-4E1F-AF54-E041B88CD625}.Debug|Any CPU.Deploy.0 = Debug|Any CPU
		{37F29F2C-3B2B-4E1F-AF54-E041B88CD625}.Debug|iPhone.ActiveCfg = Debug|Any CPU
		{37F29F2C-3B2B-4E1F-AF54-E041B88CD625}.Debug|iPhone.Build.0 = Debug|Any CPU
		{37F29F2C-3B2B-4E1F-AF54-E041B88CD625}.Debug|iPhone.Deploy.0 = Debug|Any CPU
		{37F29F2C-3B2B-4E1F-AF54-E041B88CD625}.Debug|iPhoneSimulator.ActiveCfg = Debug|Any CPU
		{37F29F2C-3B2B-4E1F-AF54-E041B88CD625}.Debug|iPhoneSimulator.Build.0 = Debug|Any CPU
		{37F29F2C-3B2B-4E1F-AF54-E041B88CD625}.Debug|iPhoneSimulator.Deploy.0 = Debug|Any CPU
		{37F29F2C-3B2B-4E1F-AF54-E041B88CD625}.Debug|x64.ActiveCfg = Debug|Any CPU
		{37F29F2C-3B2B-4E1F-AF54-E041B88CD625}.Debug|x64.Build.0 = Debug|Any CPU
		{37F29F2C-3B2B-4E1F-AF54-E041B88CD625}.Debug|x64.Deploy.0 = Debug|Any CPU
		{37F29F2C-3B2B-4E1F-AF54-E041B88CD625}.Debug|x86.ActiveCfg = Debug|Any CPU
		{37F29F2C-3B2B-4E1F-AF54-E041B88CD625}.Debug|x86.Build.0 = Debug|Any CPU
		{37F29F2C-3B2B-4E1F-AF54-E041B88CD625}.Debug|x86.Deploy.0 = Debug|Any CPU
		{37F29F2C-3B2B-4E1F-AF54-E041B88CD625}.Release|Any CPU.ActiveCfg = Release|Any CPU
		{37F29F2C-3B2B-4E1F-AF54-E041B88CD625}.Release|Any CPU.Build.0 = Release|Any CPU
		{37F29F2C-3B2B-4E1F-AF54-E041B88CD625}.Release|Any CPU.Deploy.0 = Release|Any CPU
		{37F29F2C-3B2B-4E1F-AF54-E041B88CD625}.Release|iPhone.ActiveCfg = Release|Any CPU
		{37F29F2C-3B2B-4E1F-AF54-E041B88CD625}.Release|iPhone.Build.0 = Release|Any CPU
		{37F29F2C-3B2B-4E1F-AF54-E041B88CD625}.Release|iPhone.Deploy.0 = Release|Any CPU
		{37F29F2C-3B2B-4E1F-AF54-E041B88CD625}.Release|iPhoneSimulator.ActiveCfg = Release|Any CPU
		{37F29F2C-3B2B-4E1F-AF54-E041B88CD625}.Release|iPhoneSimulator.Build.0 = Release|Any CPU
		{37F29F2C-3B2B-4E1F-AF54-E041B88CD625}.Release|iPhoneSimulator.Deploy.0 = Release|Any CPU
		{37F29F2C-3B2B-4E1F-AF54-E041B88CD625}.Release|x64.ActiveCfg = Release|Any CPU
		{37F29F2C-3B2B-4E1F-AF54-E041B88CD625}.Release|x64.Build.0 = Release|Any CPU
		{37F29F2C-3B2B-4E1F-AF54-E041B88CD625}.Release|x64.Deploy.0 = Release|Any CPU
		{37F29F2C-3B2B-4E1F-AF54-E041B88CD625}.Release|x86.ActiveCfg = Release|Any CPU
		{37F29F2C-3B2B-4E1F-AF54-E041B88CD625}.Release|x86.Build.0 = Release|Any CPU
		{37F29F2C-3B2B-4E1F-AF54-E041B88CD625}.Release|x86.Deploy.0 = Release|Any CPU
		{0D7EC6DA-1F56-40AF-B70A-0336CE12C72D}.Debug|Any CPU.ActiveCfg = Debug|Any CPU
		{0D7EC6DA-1F56-40AF-B70A-0336CE12C72D}.Debug|Any CPU.Build.0 = Debug|Any CPU
		{0D7EC6DA-1F56-40AF-B70A-0336CE12C72D}.Debug|Any CPU.Deploy.0 = Debug|Any CPU
		{0D7EC6DA-1F56-40AF-B70A-0336CE12C72D}.Debug|iPhone.ActiveCfg = Debug|Any CPU
		{0D7EC6DA-1F56-40AF-B70A-0336CE12C72D}.Debug|iPhone.Build.0 = Debug|Any CPU
		{0D7EC6DA-1F56-40AF-B70A-0336CE12C72D}.Debug|iPhone.Deploy.0 = Debug|Any CPU
		{0D7EC6DA-1F56-40AF-B70A-0336CE12C72D}.Debug|iPhoneSimulator.ActiveCfg = Debug|Any CPU
		{0D7EC6DA-1F56-40AF-B70A-0336CE12C72D}.Debug|iPhoneSimulator.Build.0 = Debug|Any CPU
		{0D7EC6DA-1F56-40AF-B70A-0336CE12C72D}.Debug|iPhoneSimulator.Deploy.0 = Debug|Any CPU
		{0D7EC6DA-1F56-40AF-B70A-0336CE12C72D}.Debug|x64.ActiveCfg = Debug|Any CPU
		{0D7EC6DA-1F56-40AF-B70A-0336CE12C72D}.Debug|x64.Build.0 = Debug|Any CPU
		{0D7EC6DA-1F56-40AF-B70A-0336CE12C72D}.Debug|x64.Deploy.0 = Debug|Any CPU
		{0D7EC6DA-1F56-40AF-B70A-0336CE12C72D}.Debug|x86.ActiveCfg = Debug|Any CPU
		{0D7EC6DA-1F56-40AF-B70A-0336CE12C72D}.Debug|x86.Build.0 = Debug|Any CPU
		{0D7EC6DA-1F56-40AF-B70A-0336CE12C72D}.Debug|x86.Deploy.0 = Debug|Any CPU
		{0D7EC6DA-1F56-40AF-B70A-0336CE12C72D}.Release|Any CPU.ActiveCfg = Release|Any CPU
		{0D7EC6DA-1F56-40AF-B70A-0336CE12C72D}.Release|Any CPU.Build.0 = Release|Any CPU
		{0D7EC6DA-1F56-40AF-B70A-0336CE12C72D}.Release|Any CPU.Deploy.0 = Release|Any CPU
		{0D7EC6DA-1F56-40AF-B70A-0336CE12C72D}.Release|iPhone.ActiveCfg = Release|Any CPU
		{0D7EC6DA-1F56-40AF-B70A-0336CE12C72D}.Release|iPhone.Build.0 = Release|Any CPU
		{0D7EC6DA-1F56-40AF-B70A-0336CE12C72D}.Release|iPhone.Deploy.0 = Release|Any CPU
		{0D7EC6DA-1F56-40AF-B70A-0336CE12C72D}.Release|iPhoneSimulator.ActiveCfg = Release|Any CPU
		{0D7EC6DA-1F56-40AF-B70A-0336CE12C72D}.Release|iPhoneSimulator.Build.0 = Release|Any CPU
		{0D7EC6DA-1F56-40AF-B70A-0336CE12C72D}.Release|iPhoneSimulator.Deploy.0 = Release|Any CPU
		{0D7EC6DA-1F56-40AF-B70A-0336CE12C72D}.Release|x64.ActiveCfg = Release|Any CPU
		{0D7EC6DA-1F56-40AF-B70A-0336CE12C72D}.Release|x64.Build.0 = Release|Any CPU
		{0D7EC6DA-1F56-40AF-B70A-0336CE12C72D}.Release|x64.Deploy.0 = Release|Any CPU
		{0D7EC6DA-1F56-40AF-B70A-0336CE12C72D}.Release|x86.ActiveCfg = Release|Any CPU
		{0D7EC6DA-1F56-40AF-B70A-0336CE12C72D}.Release|x86.Build.0 = Release|Any CPU
		{0D7EC6DA-1F56-40AF-B70A-0336CE12C72D}.Release|x86.Deploy.0 = Release|Any CPU
	EndGlobalSection
	GlobalSection(SolutionProperties) = preSolution
		HideSolutionNode = FALSE
	EndGlobalSection
	GlobalSection(NestedProjects) = preSolution
		{AD81AD5B-837B-4AC3-B02A-68EE66536A96} = {97443349-A641-4E6B-AFFA-F9B3C8D40223}
		{35D3158B-2EA8-4F59-B1A3-50B6AF55AE8D} = {97443349-A641-4E6B-AFFA-F9B3C8D40223}
		{86099289-C62A-432E-84B0-F768C1D601FE} = {97443349-A641-4E6B-AFFA-F9B3C8D40223}
		{CC3BB61E-5D4E-453D-8F99-49ACA660BD50} = {97443349-A641-4E6B-AFFA-F9B3C8D40223}
		{B28A9767-D95D-4B21-A43A-BBDB278F7BA0} = {97443349-A641-4E6B-AFFA-F9B3C8D40223}
		{EAD3FD0E-DC8E-44D4-BFD1-0630AF1D3D37} = {97443349-A641-4E6B-AFFA-F9B3C8D40223}
		{7C8EB2FA-975E-4AAD-85A6-A0F4A9E4E5F8} = {97443349-A641-4E6B-AFFA-F9B3C8D40223}
		{AE632BDD-57D5-49D6-A1E3-9312353DC951} = {17BDCA73-9E08-4163-935B-69384C17197D}
		{774D8D1A-EA67-4B4C-9643-DAED62ACA0F4} = {17BDCA73-9E08-4163-935B-69384C17197D}
		{18BC0F68-18C4-4EE0-BF4B-82CA76A16AD8} = {774D8D1A-EA67-4B4C-9643-DAED62ACA0F4}
		{93ED5D82-E863-4151-B83C-21FEB59888FD} = {97443349-A641-4E6B-AFFA-F9B3C8D40223}
		{E8CA336F-11AD-4501-9059-749B94D84F9D} = {747711DD-06C3-40D3-83DF-DC349C173DAC}
		{F4DB8B9D-D238-49F7-8139-46D479062769} = {747711DD-06C3-40D3-83DF-DC349C173DAC}
		{AC0D9CC4-51BB-4C89-9716-5201234542EF} = {747711DD-06C3-40D3-83DF-DC349C173DAC}
		{BC376F97-84E8-4127-8DE7-526582A22EBA} = {E8CA336F-11AD-4501-9059-749B94D84F9D}
		{19EA5A50-A015-47DE-9DF7-8BBF284AAD78} = {E8CA336F-11AD-4501-9059-749B94D84F9D}
		{404C689F-5781-4FD2-8CB5-4D4F0949BF9E} = {E8CA336F-11AD-4501-9059-749B94D84F9D}
		{567385B4-189B-4116-9C6E-1630EDB18376} = {E8CA336F-11AD-4501-9059-749B94D84F9D}
		{37F29F2C-3B2B-4E1F-AF54-E041B88CD625} = {E8CA336F-11AD-4501-9059-749B94D84F9D}
		{0FFD5575-DBA8-458E-A9E6-751BD87D24FF} = {17BDCA73-9E08-4163-935B-69384C17197D}
		{0D7EC6DA-1F56-40AF-B70A-0336CE12C72D} = {AC0D9CC4-51BB-4C89-9716-5201234542EF}
	EndGlobalSection
	GlobalSection(ExtensibilityGlobals) = postSolution
		SolutionGuid = {E89E221B-2A33-4147-A20F-50FB7E2BD40E}
	EndGlobalSection
EndGlobal
