
Microsoft Visual Studio Solution File, Format Version 12.00
# Visual Studio Version 17
VisualStudioVersion = 17.0.31912.275
MinimumVisualStudioVersion = 10.0.40219.1
Project("{9A19103F-16F7-4668-BE54-9A1E7A4F7556}") = "BusinessLogic", "..\BusinessLogic\BusinessLogic.csproj", "{69F55A4A-494B-487A-BF32-7580AAA10C8C}"
EndProject
Project("{9A19103F-16F7-4668-BE54-9A1E7A4F7556}") = "BusinessData", "..\BusinessData\BusinessData.csproj", "{57D29DB8-FC23-4FC1-8D77-1AA773D640D5}"
EndProject
Project("{2150E333-8FDC-42A3-9474-1A3956D46DE8}") = "Solution Items", "Solution Items", "{DC01E590-855C-4D45-8763-38F78856F0CD}"
	ProjectSection(SolutionItems) = preProject
		.editorconfig = .editorconfig
	EndProjectSection
EndProject
Project("{9A19103F-16F7-4668-BE54-9A1E7A4F7556}") = "SmartFarmWebApp", "SmartFarmWebApp\SmartFarmWebApp.csproj", "{A4C88286-6A66-4EB0-A325-F419C0CB0200}"
EndProject
Project("{9A19103F-16F7-4668-BE54-9A1E7A4F7556}") = "PlanLogisticsManagerWebApp", "PlanLogisticsManagerWebApp\PlanLogisticsManagerWebApp.csproj", "{6C8996C3-57E7-40EB-8FDC-69F5527AE6B5}"
EndProject
Project("{9A19103F-16F7-4668-BE54-9A1E7A4F7556}") = "PlanLogisticsUserWebApp", "PlanLogisticsUserWebApp\PlanLogisticsUserWebApp.csproj", "{8C8FE1EE-9471-4DAB-BDD4-393984DDA5CD}"
EndProject
Project("{9A19103F-16F7-4668-BE54-9A1E7A4F7556}") = "IdentityServer", "IdentityServer\IdentityServer.csproj", "{A9E99D80-E97F-4717-8873-B1ECA249608B}"
EndProject
Project("{FAE04EC0-301F-11D3-BF4B-00C04F79EFBC}") = "BusinessView", "..\BusinessView\BusinessView.csproj", "{2765E1FF-A431-481B-89DF-6EEB908E967C}"
EndProject
Global
	GlobalSection(SolutionConfigurationPlatforms) = preSolution
		Debug|Any CPU = Debug|Any CPU
		Release|Any CPU = Release|Any CPU
	EndGlobalSection
	GlobalSection(ProjectConfigurationPlatforms) = postSolution
		{69F55A4A-494B-487A-BF32-7580AAA10C8C}.Debug|Any CPU.ActiveCfg = Debug|Any CPU
		{69F55A4A-494B-487A-BF32-7580AAA10C8C}.Debug|Any CPU.Build.0 = Debug|Any CPU
		{69F55A4A-494B-487A-BF32-7580AAA10C8C}.Release|Any CPU.ActiveCfg = Release|Any CPU
		{69F55A4A-494B-487A-BF32-7580AAA10C8C}.Release|Any CPU.Build.0 = Release|Any CPU
		{57D29DB8-FC23-4FC1-8D77-1AA773D640D5}.Debug|Any CPU.ActiveCfg = Debug|Any CPU
		{57D29DB8-FC23-4FC1-8D77-1AA773D640D5}.Debug|Any CPU.Build.0 = Debug|Any CPU
		{57D29DB8-FC23-4FC1-8D77-1AA773D640D5}.Release|Any CPU.ActiveCfg = Release|Any CPU
		{57D29DB8-FC23-4FC1-8D77-1AA773D640D5}.Release|Any CPU.Build.0 = Release|Any CPU
		{A4C88286-6A66-4EB0-A325-F419C0CB0200}.Debug|Any CPU.ActiveCfg = Debug|Any CPU
		{A4C88286-6A66-4EB0-A325-F419C0CB0200}.Debug|Any CPU.Build.0 = Debug|Any CPU
		{A4C88286-6A66-4EB0-A325-F419C0CB0200}.Release|Any CPU.ActiveCfg = Release|Any CPU
		{A4C88286-6A66-4EB0-A325-F419C0CB0200}.Release|Any CPU.Build.0 = Release|Any CPU
		{6C8996C3-57E7-40EB-8FDC-69F5527AE6B5}.Debug|Any CPU.ActiveCfg = Debug|Any CPU
		{6C8996C3-57E7-40EB-8FDC-69F5527AE6B5}.Debug|Any CPU.Build.0 = Debug|Any CPU
		{6C8996C3-57E7-40EB-8FDC-69F5527AE6B5}.Release|Any CPU.ActiveCfg = Release|Any CPU
		{6C8996C3-57E7-40EB-8FDC-69F5527AE6B5}.Release|Any CPU.Build.0 = Release|Any CPU
		{8C8FE1EE-9471-4DAB-BDD4-393984DDA5CD}.Debug|Any CPU.ActiveCfg = Debug|Any CPU
		{8C8FE1EE-9471-4DAB-BDD4-393984DDA5CD}.Debug|Any CPU.Build.0 = Debug|Any CPU
		{8C8FE1EE-9471-4DAB-BDD4-393984DDA5CD}.Release|Any CPU.ActiveCfg = Release|Any CPU
		{8C8FE1EE-9471-4DAB-BDD4-393984DDA5CD}.Release|Any CPU.Build.0 = Release|Any CPU
		{A9E99D80-E97F-4717-8873-B1ECA249608B}.Debug|Any CPU.ActiveCfg = Debug|Any CPU
		{A9E99D80-E97F-4717-8873-B1ECA249608B}.Debug|Any CPU.Build.0 = Debug|Any CPU
		{A9E99D80-E97F-4717-8873-B1ECA249608B}.Release|Any CPU.ActiveCfg = Release|Any CPU
		{A9E99D80-E97F-4717-8873-B1ECA249608B}.Release|Any CPU.Build.0 = Release|Any CPU
		{2765E1FF-A431-481B-89DF-6EEB908E967C}.Debug|Any CPU.ActiveCfg = Debug|Any CPU
		{2765E1FF-A431-481B-89DF-6EEB908E967C}.Debug|Any CPU.Build.0 = Debug|Any CPU
		{2765E1FF-A431-481B-89DF-6EEB908E967C}.Release|Any CPU.ActiveCfg = Release|Any CPU
		{2765E1FF-A431-481B-89DF-6EEB908E967C}.Release|Any CPU.Build.0 = Release|Any CPU
	EndGlobalSection
	GlobalSection(SolutionProperties) = preSolution
		HideSolutionNode = FALSE
	EndGlobalSection
	GlobalSection(ExtensibilityGlobals) = postSolution
		SolutionGuid = {E89E221B-2A33-4147-A20F-50FB7E2BD40E}
	EndGlobalSection
EndGlobal
